{
  "originHash" : "d03a517a08e10d6168067a589c9b3cd407b79e8b1f39d8a7a342c489debec0ea",
  "pins" : [
    {
      "identity" : "waadmobimpl_spm",
      "kind" : "remoteSourceControl",
      "location" : "http://repo.wingsdk.cn:8082/r/WAAdmobImpl_spm.git",
      "state" : {
        "revision" : "928e4cd37a61686b1c71ac2bb18458b4288a64cc",
        "version" : "4.6.0"
      }
    },
    {
      "identity" : "waghglimpl_spm",
      "kind" : "remoteSourceControl",
      "location" : "http://repo.wingsdk.cn:8082/r/WAGhglImpl_spm.git",
      "state" : {
        "revision" : "83cc8c182f05556ed1b36278e10351495b850f83",
        "version" : "4.4.0"
      }
    },
    {
      "identity" : "waghgpimpl_spm",
      "kind" : "remoteSourceControl",
      "location" : "http://repo.wingsdk.cn:8082/r/WAGhgpImpl_spm.git",
      "state" : {
        "revision" : "fda477c762797afa028a490f4214cbda7c334deb",
        "version" : "4.5.0"
      }
    },
    {
      "identity" : "wingsdkios_spm",
      "kind" : "remoteSourceControl",
      "location" : "http://repo.wingsdk.cn:8082/r/wingsdkios_spm.git",
      "state" : {
        "revision" : "29d165b5cde551cc952b730f5eff53b6edc63287",
        "version" : "4.6.0"
      }
    }
  ],
  "version" : 3
}
