{
  "originHash" : "87eaa2db2fb957ce0757ca8dfdf3564887135c982b30f0bd430748c79fd2ca6b",
  "pins" : [
    {
      "identity" : "waadmobimpl_spm",
      "kind" : "remoteSourceControl",
      "location" : "http://repo.wingsdk.cn:8082/r/WAAdmobImpl_spm.git",
      "state" : {
        "revision" : "1e5242aa56dd1c52c537335ee56d7127d09b24de",
        "version" : "4.7.0"
      }
    },
    {
      "identity" : "waghglimpl_spm",
      "kind" : "remoteSourceControl",
      "location" : "http://repo.wingsdk.cn:8082/r/WAGhglImpl_spm.git",
      "state" : {
        "revision" : "83cc8c182f05556ed1b36278e10351495b850f83",
        "version" : "4.4.0"
      }
    },
    {
      "identity" : "waghgpimpl_spm",
      "kind" : "remoteSourceControl",
      "location" : "http://repo.wingsdk.cn:8082/r/WAGhgpImpl_spm.git",
      "state" : {
        "revision" : "fda477c762797afa028a490f4214cbda7c334deb",
        "version" : "4.5.0"
      }
    },
    {
      "identity" : "wingsdkios_spm",
      "kind" : "remoteSourceControl",
      "location" : "http://repo.wingsdk.cn:8082/r/wingsdkios_spm.git",
      "state" : {
        "revision" : "3f21f1e4d3d5e22d57ec392c41098841e8b0784d",
        "version" : "4.7.0"
      }
    }
  ],
  "version" : 3
}
