// !$*UTF8*$!
{
	archiveVersion = 1;
	classes = {
	};
	objectVersion = 55;
	objects = {

/* Begin PBXBuildFile section */
		B23272D72D798FED00051526 /* PhotosUI.framework in Frameworks */ = {isa = PBXBuildFile; fileRef = B23272D62D798FED00051526 /* PhotosUI.framework */; };
		B241F6CA2A402BBD00B6D95A /* SceneDelegate.m in Sources */ = {isa = PBXBuildFile; fileRef = B241F6C92A402BBD00B6D95A /* SceneDelegate.m */; };
		B24200F72F29A959000F46CE /* WAAfImpl in Frameworks */ = {isa = PBXBuildFile; productRef = B24200F62F29A959000F46CE /* WAAfImpl */; };
		B24200F92F29A959000F46CE /* WAAiHelpImpl in Frameworks */ = {isa = PBXBuildFile; productRef = B24200F82F29A959000F46CE /* WAAiHelpImpl */; };
		B24200FB2F29A959000F46CE /* WAApImpl in Frameworks */ = {isa = PBXBuildFile; productRef = B24200FA2F29A959000F46CE /* WAApImpl */; };
		B24200FD2F29A959000F46CE /* WAFbImpl in Frameworks */ = {isa = PBXBuildFile; productRef = B24200FC2F29A959000F46CE /* WAFbImpl */; };
		B24200FF2F29A959000F46CE /* WAFirebaseImpl in Frameworks */ = {isa = PBXBuildFile; productRef = B24200FE2F29A959000F46CE /* WAFirebaseImpl */; };
		B24201012F29A959000F46CE /* WAPushImpl in Frameworks */ = {isa = PBXBuildFile; productRef = B24201002F29A959000F46CE /* WAPushImpl */; };
		B24201032F29A959000F46CE /* WASdkImpl in Frameworks */ = {isa = PBXBuildFile; productRef = B24201022F29A959000F46CE /* WASdkImpl */; };
		B24201052F29A959000F46CE /* WASdkIntf in Frameworks */ = {isa = PBXBuildFile; productRef = B24201042F29A959000F46CE /* WASdkIntf */; };
		B24201082F29B5F8000F46CE /* WAAfImpl in Frameworks */ = {isa = PBXBuildFile; productRef = B24201072F29B5F8000F46CE /* WAAfImpl */; };
		B242010A2F29B5F8000F46CE /* WAAiHelpImpl in Frameworks */ = {isa = PBXBuildFile; productRef = B24201092F29B5F8000F46CE /* WAAiHelpImpl */; };
		B242010C2F29B5F8000F46CE /* WAApImpl in Frameworks */ = {isa = PBXBuildFile; productRef = B242010B2F29B5F8000F46CE /* WAApImpl */; };
		B242010E2F29B5F8000F46CE /* WAFbImpl in Frameworks */ = {isa = PBXBuildFile; productRef = B242010D2F29B5F8000F46CE /* WAFbImpl */; };
		B24201102F29B5F8000F46CE /* WAFirebaseImpl in Frameworks */ = {isa = PBXBuildFile; productRef = B242010F2F29B5F8000F46CE /* WAFirebaseImpl */; };
		B24201122F29B5F8000F46CE /* WAPushImpl in Frameworks */ = {isa = PBXBuildFile; productRef = B24201112F29B5F8000F46CE /* WAPushImpl */; };
		B24201142F29B5F8000F46CE /* WASdkImpl in Frameworks */ = {isa = PBXBuildFile; productRef = B24201132F29B5F8000F46CE /* WASdkImpl */; };
		B24201162F29B5F8000F46CE /* WASdkIntf in Frameworks */ = {isa = PBXBuildFile; productRef = B24201152F29B5F8000F46CE /* WASdkIntf */; };
		B243A46C2A287E6E00F404C1 /* SwiftUI.framework in Frameworks */ = {isa = PBXBuildFile; fileRef = B243A46B2A287E6E00F404C1 /* SwiftUI.framework */; settings = {ATTRIBUTES = (Weak, ); }; };
		B26B633A2A6A1A29007C46DB /* File.swift in Sources */ = {isa = PBXBuildFile; fileRef = B26B63392A6A1A29007C46DB /* File.swift */; };
		B279EC942DB9DDB200162B5F /* StoreKit.framework in Frameworks */ = {isa = PBXBuildFile; fileRef = B279EC932DB9DDB200162B5F /* StoreKit.framework */; };
		B27ED3392A17196E00DB1772 /* AppDelegate.m in Sources */ = {isa = PBXBuildFile; fileRef = B27ED3382A17196E00DB1772 /* AppDelegate.m */; };
		B27ED33F2A17196E00DB1772 /* ViewController.m in Sources */ = {isa = PBXBuildFile; fileRef = B27ED33E2A17196E00DB1772 /* ViewController.m */; };
		B27ED3422A17196E00DB1772 /* Main.storyboard in Resources */ = {isa = PBXBuildFile; fileRef = B27ED3402A17196E00DB1772 /* Main.storyboard */; };
		B27ED3442A17196F00DB1772 /* Assets.xcassets in Resources */ = {isa = PBXBuildFile; fileRef = B27ED3432A17196F00DB1772 /* Assets.xcassets */; };
		B27ED3472A17196F00DB1772 /* LaunchScreen.storyboard in Resources */ = {isa = PBXBuildFile; fileRef = B27ED3452A17196F00DB1772 /* LaunchScreen.storyboard */; };
		B27ED34A2A17196F00DB1772 /* main.m in Sources */ = {isa = PBXBuildFile; fileRef = B27ED3492A17196F00DB1772 /* main.m */; };
		B27ED4B62A1720CA00DB1772 /* GoogleService-Info.plist in Resources */ = {isa = PBXBuildFile; fileRef = B27ED4402A1720C900DB1772 /* GoogleService-Info.plist */; };
		B27ED4B72A1720CA00DB1772 /* WADemoEventData.m in Sources */ = {isa = PBXBuildFile; fileRef = B27ED4432A1720C900DB1772 /* WADemoEventData.m */; };
		B27ED4B82A1720CA00DB1772 /* WADemoPostEventTextView.m in Sources */ = {isa = PBXBuildFile; fileRef = B27ED4452A1720C900DB1772 /* WADemoPostEventTextView.m */; };
		B27ED4B92A1720CA00DB1772 /* WADemoEventTableView.m in Sources */ = {isa = PBXBuildFile; fileRef = B27ED4472A1720C900DB1772 /* WADemoEventTableView.m */; };
		B27ED4BA2A1720CA00DB1772 /* WADemoEventParam.m in Sources */ = {isa = PBXBuildFile; fileRef = B27ED4492A1720C900DB1772 /* WADemoEventParam.m */; };
		B27ED4BB2A1720CA00DB1772 /* WADemoPostEventViewBtn.m in Sources */ = {isa = PBXBuildFile; fileRef = B27ED44A2A1720C900DB1772 /* WADemoPostEventViewBtn.m */; };
		B27ED4BC2A1720CA00DB1772 /* WADemoPostEventView.m in Sources */ = {isa = PBXBuildFile; fileRef = B27ED44D2A1720C900DB1772 /* WADemoPostEventView.m */; };
		B27ED4BD2A1720CA00DB1772 /* WADemoAppTrackingView.m in Sources */ = {isa = PBXBuildFile; fileRef = B27ED44E2A1720C900DB1772 /* WADemoAppTrackingView.m */; };
		B27ED4BE2A1720CA00DB1772 /* Assets.xcassets in Resources */ = {isa = PBXBuildFile; fileRef = B27ED4502A1720C900DB1772 /* Assets.xcassets */; };
		B27ED4BF2A1720CA00DB1772 /* WADemoUserCenterViewController.m in Sources */ = {isa = PBXBuildFile; fileRef = B27ED4532A1720C900DB1772 /* WADemoUserCenterViewController.m */; };
		B27ED4C02A1720CA00DB1772 /* WADemoAccountSwitch.m in Sources */ = {isa = PBXBuildFile; fileRef = B27ED4562A1720C900DB1772 /* WADemoAccountSwitch.m */; };
		B27ED4C12A1720CA00DB1772 /* WADemoAccountManagement.m in Sources */ = {isa = PBXBuildFile; fileRef = B27ED45A2A1720C900DB1772 /* WADemoAccountManagement.m */; };
		B27ED4C22A1720CA00DB1772 /* WADemoBindingAccountList.m in Sources */ = {isa = PBXBuildFile; fileRef = B27ED45C2A1720C900DB1772 /* WADemoBindingAccountList.m */; };
		B27ED4C42A1720CA00DB1772 /* WADemoCscViewController.m in Sources */ = {isa = PBXBuildFile; fileRef = B27ED45F2A1720C900DB1772 /* WADemoCscViewController.m */; };
		B27ED4C52A1720CA00DB1772 /* WADemoPayView.m in Sources */ = {isa = PBXBuildFile; fileRef = B27ED4622A1720C900DB1772 /* WADemoPayView.m */; };
		B27ED4C62A1720CA00DB1772 /* WADemoProductList.m in Sources */ = {isa = PBXBuildFile; fileRef = B27ED4652A1720C900DB1772 /* WADemoProductList.m */; };
		B27ED4C72A1720CA00DB1772 /* WADemoIapView.m in Sources */ = {isa = PBXBuildFile; fileRef = B27ED4662A1720C900DB1772 /* WADemoIapView.m */; };
		B27ED4C82A1720CA00DB1772 /* WADemoHotUpdateView.m in Sources */ = {isa = PBXBuildFile; fileRef = B27ED46B2A1720CA00DB1772 /* WADemoHotUpdateView.m */; };
		B27ED4C92A1720CA00DB1772 /* WADemoGiftView.m in Sources */ = {isa = PBXBuildFile; fileRef = B27ED46F2A1720CA00DB1772 /* WADemoGiftView.m */; };
		B27ED4CA2A1720CA00DB1772 /* Gift.zip in Resources */ = {isa = PBXBuildFile; fileRef = B27ED4702A1720CA00DB1772 /* Gift.zip */; };
		B27ED4CB2A1720CA00DB1772 /* WADemoGiftListTVC.m in Sources */ = {isa = PBXBuildFile; fileRef = B27ED4722A1720CA00DB1772 /* WADemoGiftListTVC.m */; };
		B27ED4CC2A1720CA00DB1772 /* WADemoFriendListForSendingAsking.m in Sources */ = {isa = PBXBuildFile; fileRef = B27ED4752A1720CA00DB1772 /* WADemoFriendListForSendingAsking.m */; };
		B27ED4CD2A1720CA00DB1772 /* WADemoGiftListView.m in Sources */ = {isa = PBXBuildFile; fileRef = B27ED4772A1720CA00DB1772 /* WADemoGiftListView.m */; };
		B27ED4CE2A1720CA00DB1772 /* WADemoGiftList.m in Sources */ = {isa = PBXBuildFile; fileRef = B27ED4782A1720CA00DB1772 /* WADemoGiftList.m */; };
		B27ED4CF2A1720CA00DB1772 /* WADemoVKGiftView.m in Sources */ = {isa = PBXBuildFile; fileRef = B27ED47C2A1720CA00DB1772 /* WADemoVKGiftView.m */; };
		B27ED4D02A1720CA00DB1772 /* WADemoFriendInGameTV.m in Sources */ = {isa = PBXBuildFile; fileRef = B27ED47E2A1720CA00DB1772 /* WADemoFriendInGameTV.m */; };
		B27ED4D12A1720CA00DB1772 /* WADemoFBGiftView.m in Sources */ = {isa = PBXBuildFile; fileRef = B27ED4802A1720CA00DB1772 /* WADemoFBGiftView.m */; };
		B27ED4D22A1720CA00DB1772 /* WADemoGiftRequestView.m in Sources */ = {isa = PBXBuildFile; fileRef = B27ED4822A1720CA00DB1772 /* WADemoGiftRequestView.m */; };
		B27ED4D32A1720CA00DB1772 /* WADemoGiftBoxTV.m in Sources */ = {isa = PBXBuildFile; fileRef = B27ED4832A1720CA00DB1772 /* WADemoGiftBoxTV.m */; };
		B27ED4D42A1720CA00DB1772 /* WADemoFBInviteView.m in Sources */ = {isa = PBXBuildFile; fileRef = B27ED4872A1720CA00DB1772 /* WADemoFBInviteView.m */; };
		B27ED4D52A1720CA00DB1772 /* WADemoFriendListTV.m in Sources */ = {isa = PBXBuildFile; fileRef = B27ED4882A1720CA00DB1772 /* WADemoFriendListTV.m */; };
		B27ED4D62A1720CA00DB1772 /* WADemoVKFriendList.m in Sources */ = {isa = PBXBuildFile; fileRef = B27ED48B2A1720CA00DB1772 /* WADemoVKFriendList.m */; };
		B27ED4D72A1720CA00DB1772 /* WADemoInvite.m in Sources */ = {isa = PBXBuildFile; fileRef = B27ED48C2A1720CA00DB1772 /* WADemoInvite.m */; };
		B27ED4D82A1720CA00DB1772 /* WADemoGroupCell.m in Sources */ = {isa = PBXBuildFile; fileRef = B27ED48E2A1720CA00DB1772 /* WADemoGroupCell.m */; };
		B27ED4D92A1720CA00DB1772 /* WADemoVKInviteView.m in Sources */ = {isa = PBXBuildFile; fileRef = B27ED48F2A1720CA00DB1772 /* WADemoVKInviteView.m */; };
		B27ED4DA2A1720CA00DB1772 /* WADemoGroups.m in Sources */ = {isa = PBXBuildFile; fileRef = B27ED4942A1720CA00DB1772 /* WADemoGroups.m */; };
		B27ED4DB2A1720CA00DB1772 /* WADemoFBShareView.m in Sources */ = {isa = PBXBuildFile; fileRef = B27ED4972A1720CA00DB1772 /* WADemoFBShareView.m */; };
		B27ED4DC2A1720CA00DB1772 /* WADemoLoginUI.m in Sources */ = {isa = PBXBuildFile; fileRef = B27ED4992A1720CA00DB1772 /* WADemoLoginUI.m */; };
		B27ED4DD2A1720CA00DB1772 /* WADemoMainUI.m in Sources */ = {isa = PBXBuildFile; fileRef = B27ED49B2A1720CA00DB1772 /* WADemoMainUI.m */; };
		B27ED4DE2A1720CA00DB1772 /* WADemoAdView.m in Sources */ = {isa = PBXBuildFile; fileRef = B27ED49D2A1720CA00DB1772 /* WADemoAdView.m */; };
		B27ED4DF2A1720CA00DB1772 /* WADemoUtil.m in Sources */ = {isa = PBXBuildFile; fileRef = B27ED4A02A1720CA00DB1772 /* WADemoUtil.m */; };
		B27ED4E02A1720CA00DB1772 /* LaunchScreen.storyboard in Resources */ = {isa = PBXBuildFile; fileRef = B27ED4A32A1720CA00DB1772 /* LaunchScreen.storyboard */; };
		B27ED4E12A1720CA00DB1772 /* Main.storyboard in Resources */ = {isa = PBXBuildFile; fileRef = B27ED4A52A1720CA00DB1772 /* Main.storyboard */; };
		B27ED4E22A1720CA00DB1772 /* WADemoAlertView.m in Sources */ = {isa = PBXBuildFile; fileRef = B27ED4A92A1720CA00DB1772 /* WADemoAlertView.m */; };
		B27ED4E32A1720CA00DB1772 /* WADemoButtonMain.m in Sources */ = {isa = PBXBuildFile; fileRef = B27ED4AB2A1720CA00DB1772 /* WADemoButtonMain.m */; };
		B27ED4E42A1720CA00DB1772 /* WADemoMaskLayer.m in Sources */ = {isa = PBXBuildFile; fileRef = B27ED4B02A1720CA00DB1772 /* WADemoMaskLayer.m */; };
		B27ED4E52A1720CA00DB1772 /* WADemoButtonSwitch.m in Sources */ = {isa = PBXBuildFile; fileRef = B27ED4B12A1720CA00DB1772 /* WADemoButtonSwitch.m */; };
		B27ED4E62A1720CA00DB1772 /* WADemoListTableView.m in Sources */ = {isa = PBXBuildFile; fileRef = B27ED4B32A1720CA00DB1772 /* WADemoListTableView.m */; };
		B27ED4E72A1720CA00DB1772 /* WADemoScrollView.m in Sources */ = {isa = PBXBuildFile; fileRef = B27ED4B42A1720CA00DB1772 /* WADemoScrollView.m */; };
		B27ED4E82A1720CA00DB1772 /* WADemoNaviView.m in Sources */ = {isa = PBXBuildFile; fileRef = B27ED4B52A1720CA00DB1772 /* WADemoNaviView.m */; };
		B27ED4EB2A172DC000DB1772 /* Foundation.framework in Frameworks */ = {isa = PBXBuildFile; fileRef = B27ED4EA2A172DC000DB1772 /* Foundation.framework */; };
		B27ED4ED2A172DD100DB1772 /* UIKit.framework in Frameworks */ = {isa = PBXBuildFile; fileRef = B27ED4EC2A172DD100DB1772 /* UIKit.framework */; };
		B27ED4EF2A172E0A00DB1772 /* libsqlite3.tbd in Frameworks */ = {isa = PBXBuildFile; fileRef = B27ED4EE2A172E0A00DB1772 /* libsqlite3.tbd */; };
		B27ED4F12A172E1200DB1772 /* libz.tbd in Frameworks */ = {isa = PBXBuildFile; fileRef = B27ED4F02A172E1200DB1772 /* libz.tbd */; };
		B27ED4F32A172E7300DB1772 /* AppTrackingTransparency.framework in Frameworks */ = {isa = PBXBuildFile; fileRef = B27ED4F22A172E7300DB1772 /* AppTrackingTransparency.framework */; };
		B27ED4F52A172E8C00DB1772 /* libc++.tbd in Frameworks */ = {isa = PBXBuildFile; fileRef = B27ED4F42A172E8C00DB1772 /* libc++.tbd */; };
		B27ED4F72A172E9600DB1772 /* libresolv.tbd in Frameworks */ = {isa = PBXBuildFile; fileRef = B27ED4F62A172E9600DB1772 /* libresolv.tbd */; };
		B27ED4F92A172EA200DB1772 /* CoreFoundation.framework in Frameworks */ = {isa = PBXBuildFile; fileRef = B27ED4F82A172EA200DB1772 /* CoreFoundation.framework */; };
		B27ED5012A1730AB00DB1772 /* Accelerate.framework in Frameworks */ = {isa = PBXBuildFile; fileRef = B27ED5002A1730AB00DB1772 /* Accelerate.framework */; };
		B294C2162A68C59400B1CB1B /* WADemoClientidSetting.m in Sources */ = {isa = PBXBuildFile; fileRef = B294C2142A68C59400B1CB1B /* WADemoClientidSetting.m */; };
		B296DD222C2417A500DF909D /* SplashViewController.m in Sources */ = {isa = PBXBuildFile; fileRef = B296DD212C2417A500DF909D /* SplashViewController.m */; };
		B296DD262C2418F800DF909D /* WADemoAdMobView.m in Sources */ = {isa = PBXBuildFile; fileRef = B296DD252C2418F800DF909D /* WADemoAdMobView.m */; };
		B298D7B12F14D5AA00D5DA86 /* WAAfImpl in Frameworks */ = {isa = PBXBuildFile; productRef = B298D7B02F14D5AA00D5DA86 /* WAAfImpl */; };
		B298D7B32F14D5AA00D5DA86 /* WAAiHelpImpl in Frameworks */ = {isa = PBXBuildFile; productRef = B298D7B22F14D5AA00D5DA86 /* WAAiHelpImpl */; };
		B298D7B52F14D5AA00D5DA86 /* WAApImpl in Frameworks */ = {isa = PBXBuildFile; productRef = B298D7B42F14D5AA00D5DA86 /* WAApImpl */; };
		B298D7B72F14D5AA00D5DA86 /* WAFbImpl in Frameworks */ = {isa = PBXBuildFile; productRef = B298D7B62F14D5AA00D5DA86 /* WAFbImpl */; };
		B298D7B92F14D5AA00D5DA86 /* WAFirebaseImpl in Frameworks */ = {isa = PBXBuildFile; productRef = B298D7B82F14D5AA00D5DA86 /* WAFirebaseImpl */; };
		B298D7BB2F14D5AA00D5DA86 /* WAPushImpl in Frameworks */ = {isa = PBXBuildFile; productRef = B298D7BA2F14D5AA00D5DA86 /* WAPushImpl */; };
		B298D7BD2F14D5AA00D5DA86 /* WASdkImpl in Frameworks */ = {isa = PBXBuildFile; productRef = B298D7BC2F14D5AA00D5DA86 /* WASdkImpl */; };
		B298D7BF2F14D5AA00D5DA86 /* WASdkIntf in Frameworks */ = {isa = PBXBuildFile; productRef = B298D7BE2F14D5AA00D5DA86 /* WASdkIntf */; };
		B298D7C22F14D5C000D5DA86 /* WAGhgpImpl in Frameworks */ = {isa = PBXBuildFile; productRef = B298D7C12F14D5C000D5DA86 /* WAGhgpImpl */; };
		B298D7C52F14D5CF00D5DA86 /* WAGhglImpl in Frameworks */ = {isa = PBXBuildFile; productRef = B298D7C42F14D5CF00D5DA86 /* WAGhglImpl */; };
		B298D7C82F14D5D900D5DA86 /* WAAdmobImpl in Frameworks */ = {isa = PBXBuildFile; productRef = B298D7C72F14D5D900D5DA86 /* WAAdmobImpl */; };
		B2AA6EA42F14AD6D005E201A /* WAGhgpImpl in Frameworks */ = {isa = PBXBuildFile; productRef = B2AA6EA32F14AD6D005E201A /* WAGhgpImpl */; };
		B2ABFE012E2F867A00894F67 /* wa_sdk_impl_config_ghgp.xml in Resources */ = {isa = PBXBuildFile; fileRef = B2ABFDFF2E2F867A00894F67 /* wa_sdk_impl_config_ghgp.xml */; };
		B2ABFE022E2F867A00894F67 /* wa_sdk_impl_config_ghgl.xml in Resources */ = {isa = PBXBuildFile; fileRef = B2ABFDFE2E2F867A00894F67 /* wa_sdk_impl_config_ghgl.xml */; };
		B2ABFE032E2F867A00894F67 /* wa_sdk_impl_config_admob.xml in Resources */ = {isa = PBXBuildFile; fileRef = B2ABFDFD2E2F867A00894F67 /* wa_sdk_impl_config_admob.xml */; };
		B2CD02E42F18F90E003E2B71 /* wa_sdk_impl_config_facebook.xml in Resources */ = {isa = PBXBuildFile; fileRef = B2CD02DD2F18F90E003E2B71 /* wa_sdk_impl_config_facebook.xml */; };
		B2CD02E52F18F90E003E2B71 /* wa_sdk_impl_config_apple.xml in Resources */ = {isa = PBXBuildFile; fileRef = B2CD02DB2F18F90E003E2B71 /* wa_sdk_impl_config_apple.xml */; };
		B2CD02E62F18F90E003E2B71 /* id.plist in Resources */ = {isa = PBXBuildFile; fileRef = B2CD02D02F18F90E003E2B71 /* id.plist */; };
		B2CD02E72F18F90E003E2B71 /* pt.plist in Resources */ = {isa = PBXBuildFile; fileRef = B2CD02D12F18F90E003E2B71 /* pt.plist */; };
		B2CD02E82F18F90E003E2B71 /* wa_sdk_impl_config_firebase.xml in Resources */ = {isa = PBXBuildFile; fileRef = B2CD02DE2F18F90E003E2B71 /* wa_sdk_impl_config_firebase.xml */; };
		B2CD02E92F18F90E003E2B71 /* zh-Hans.plist in Resources */ = {isa = PBXBuildFile; fileRef = B2CD02D42F18F90E003E2B71 /* zh-Hans.plist */; };
		B2CD02EA2F18F90E003E2B71 /* wa_sdk_impl_config_aihelp.xml in Resources */ = {isa = PBXBuildFile; fileRef = B2CD02DA2F18F90E003E2B71 /* wa_sdk_impl_config_aihelp.xml */; };
		B2CD02EB2F18F90E003E2B71 /* wa_sdk_impl_config_winga.xml in Resources */ = {isa = PBXBuildFile; fileRef = B2CD02E02F18F90E003E2B71 /* wa_sdk_impl_config_winga.xml */; };
		B2CD02EC2F18F90E003E2B71 /* FacebookSDKStrings.bundle in Resources */ = {isa = PBXBuildFile; fileRef = B2CD02D82F18F90E003E2B71 /* FacebookSDKStrings.bundle */; };
		B2CD02ED2F18F90E003E2B71 /* wa_sdk_impl_config_appsflyer.xml in Resources */ = {isa = PBXBuildFile; fileRef = B2CD02DC2F18F90E003E2B71 /* wa_sdk_impl_config_appsflyer.xml */; };
		B2CD02EE2F18F90E003E2B71 /* wa_sdk_impl_config_push.xml in Resources */ = {isa = PBXBuildFile; fileRef = B2CD02DF2F18F90E003E2B71 /* wa_sdk_impl_config_push.xml */; };
		B2CD02EF2F18F90E003E2B71 /* base.plist in Resources */ = {isa = PBXBuildFile; fileRef = B2CD02CD2F18F90E003E2B71 /* base.plist */; };
		B2CD02F02F18F90E003E2B71 /* wa_sdk.plist in Resources */ = {isa = PBXBuildFile; fileRef = B2CD02D92F18F90E003E2B71 /* wa_sdk.plist */; };
		B2CD02F12F18F90E003E2B71 /* en.plist in Resources */ = {isa = PBXBuildFile; fileRef = B2CD02CE2F18F90E003E2B71 /* en.plist */; };
		B2CD02F22F18F90E003E2B71 /* wa_sdk_track_config.plist in Resources */ = {isa = PBXBuildFile; fileRef = B2CD02E12F18F90E003E2B71 /* wa_sdk_track_config.plist */; };
		B2CD02F32F18F90E003E2B71 /* zh-Hant.plist in Resources */ = {isa = PBXBuildFile; fileRef = B2CD02D52F18F90E003E2B71 /* zh-Hant.plist */; };
		B2CD02F42F18F90E003E2B71 /* th.plist in Resources */ = {isa = PBXBuildFile; fileRef = B2CD02D32F18F90E003E2B71 /* th.plist */; };
		B2CD02F52F18F90E003E2B71 /* ru.plist in Resources */ = {isa = PBXBuildFile; fileRef = B2CD02D22F18F90E003E2B71 /* ru.plist */; };
		B2CD02F62F18F90E003E2B71 /* es.plist in Resources */ = {isa = PBXBuildFile; fileRef = B2CD02CF2F18F90E003E2B71 /* es.plist */; };
		B2CD02F72F18F90E003E2B71 /* WASDK-Resource.bundle in Resources */ = {isa = PBXBuildFile; fileRef = B2CD02E22F18F90E003E2B71 /* WASDK-Resource.bundle */; };
		B2CD02F82F18F90E003E2B71 /* AIHelpSupportSDK.bundle in Resources */ = {isa = PBXBuildFile; fileRef = B2CD02D72F18F90E003E2B71 /* AIHelpSupportSDK.bundle */; };
/* End PBXBuildFile section */

/* Begin PBXFileReference section */
		B23272D62D798FED00051526 /* PhotosUI.framework */ = {isa = PBXFileReference; lastKnownFileType = wrapper.framework; name = PhotosUI.framework; path = System/Library/Frameworks/PhotosUI.framework; sourceTree = SDKROOT; };
		B241F6C82A402BBD00B6D95A /* SceneDelegate.h */ = {isa = PBXFileReference; fileEncoding = 4; lastKnownFileType = sourcecode.c.h; path = SceneDelegate.h; sourceTree = "<group>"; };
		B241F6C92A402BBD00B6D95A /* SceneDelegate.m */ = {isa = PBXFileReference; fileEncoding = 4; lastKnownFileType = sourcecode.c.objc; path = SceneDelegate.m; sourceTree = "<group>"; };
		B243A46B2A287E6E00F404C1 /* SwiftUI.framework */ = {isa = PBXFileReference; lastKnownFileType = wrapper.framework; name = SwiftUI.framework; path = System/Library/Frameworks/SwiftUI.framework; sourceTree = SDKROOT; };
		B26B63392A6A1A29007C46DB /* File.swift */ = {isa = PBXFileReference; lastKnownFileType = sourcecode.swift; path = File.swift; sourceTree = "<group>"; };
		B26B633B2A6A1A51007C46DB /* WADemo-Bridging-Header.h */ = {isa = PBXFileReference; lastKnownFileType = sourcecode.c.h; path = "WADemo-Bridging-Header.h"; sourceTree = "<group>"; };
		B279EC932DB9DDB200162B5F /* StoreKit.framework */ = {isa = PBXFileReference; lastKnownFileType = wrapper.framework; name = StoreKit.framework; path = System/Library/Frameworks/StoreKit.framework; sourceTree = SDKROOT; };
		B27ED3342A17196E00DB1772 /* WADemo.app */ = {isa = PBXFileReference; explicitFileType = wrapper.application; includeInIndex = 0; path = WADemo.app; sourceTree = BUILT_PRODUCTS_DIR; };
		B27ED3372A17196E00DB1772 /* AppDelegate.h */ = {isa = PBXFileReference; lastKnownFileType = sourcecode.c.h; path = AppDelegate.h; sourceTree = "<group>"; };
		B27ED3382A17196E00DB1772 /* AppDelegate.m */ = {isa = PBXFileReference; lastKnownFileType = sourcecode.c.objc; path = AppDelegate.m; sourceTree = "<group>"; };
		B27ED33D2A17196E00DB1772 /* ViewController.h */ = {isa = PBXFileReference; lastKnownFileType = sourcecode.c.h; path = ViewController.h; sourceTree = "<group>"; };
		B27ED33E2A17196E00DB1772 /* ViewController.m */ = {isa = PBXFileReference; lastKnownFileType = sourcecode.c.objc; path = ViewController.m; sourceTree = "<group>"; };
		B27ED3412A17196E00DB1772 /* Base */ = {isa = PBXFileReference; lastKnownFileType = file.storyboard; name = Base; path = Base.lproj/Main.storyboard; sourceTree = "<group>"; };
		B27ED3432A17196F00DB1772 /* Assets.xcassets */ = {isa = PBXFileReference; lastKnownFileType = folder.assetcatalog; path = Assets.xcassets; sourceTree = "<group>"; };
		B27ED3462A17196F00DB1772 /* Base */ = {isa = PBXFileReference; lastKnownFileType = file.storyboard; name = Base; path = Base.lproj/LaunchScreen.storyboard; sourceTree = "<group>"; };
		B27ED3482A17196F00DB1772 /* Info.plist */ = {isa = PBXFileReference; lastKnownFileType = text.plist.xml; path = Info.plist; sourceTree = "<group>"; };
		B27ED3492A17196F00DB1772 /* main.m */ = {isa = PBXFileReference; lastKnownFileType = sourcecode.c.objc; path = main.m; sourceTree = "<group>"; };
		B27ED4402A1720C900DB1772 /* GoogleService-Info.plist */ = {isa = PBXFileReference; fileEncoding = 4; lastKnownFileType = text.plist.xml; path = "GoogleService-Info.plist"; sourceTree = "<group>"; };
		B27ED4422A1720C900DB1772 /* WADemoPostEventViewBtn.h */ = {isa = PBXFileReference; fileEncoding = 4; lastKnownFileType = sourcecode.c.h; path = WADemoPostEventViewBtn.h; sourceTree = "<group>"; };
		B27ED4432A1720C900DB1772 /* WADemoEventData.m */ = {isa = PBXFileReference; fileEncoding = 4; lastKnownFileType = sourcecode.c.objc; path = WADemoEventData.m; sourceTree = "<group>"; };
		B27ED4442A1720C900DB1772 /* WADemoEventParam.h */ = {isa = PBXFileReference; fileEncoding = 4; lastKnownFileType = sourcecode.c.h; path = WADemoEventParam.h; sourceTree = "<group>"; };
		B27ED4452A1720C900DB1772 /* WADemoPostEventTextView.m */ = {isa = PBXFileReference; fileEncoding = 4; lastKnownFileType = sourcecode.c.objc; path = WADemoPostEventTextView.m; sourceTree = "<group>"; };
		B27ED4462A1720C900DB1772 /* WADemoPostEventView.h */ = {isa = PBXFileReference; fileEncoding = 4; lastKnownFileType = sourcecode.c.h; path = WADemoPostEventView.h; sourceTree = "<group>"; };
		B27ED4472A1720C900DB1772 /* WADemoEventTableView.m */ = {isa = PBXFileReference; fileEncoding = 4; lastKnownFileType = sourcecode.c.objc; path = WADemoEventTableView.m; sourceTree = "<group>"; };
		B27ED4482A1720C900DB1772 /* WADemoAppTrackingView.h */ = {isa = PBXFileReference; fileEncoding = 4; lastKnownFileType = sourcecode.c.h; path = WADemoAppTrackingView.h; sourceTree = "<group>"; };
		B27ED4492A1720C900DB1772 /* WADemoEventParam.m */ = {isa = PBXFileReference; fileEncoding = 4; lastKnownFileType = sourcecode.c.objc; path = WADemoEventParam.m; sourceTree = "<group>"; };
		B27ED44A2A1720C900DB1772 /* WADemoPostEventViewBtn.m */ = {isa = PBXFileReference; fileEncoding = 4; lastKnownFileType = sourcecode.c.objc; path = WADemoPostEventViewBtn.m; sourceTree = "<group>"; };
		B27ED44B2A1720C900DB1772 /* WADemoEventData.h */ = {isa = PBXFileReference; fileEncoding = 4; lastKnownFileType = sourcecode.c.h; path = WADemoEventData.h; sourceTree = "<group>"; };
		B27ED44C2A1720C900DB1772 /* WADemoPostEventTextView.h */ = {isa = PBXFileReference; fileEncoding = 4; lastKnownFileType = sourcecode.c.h; path = WADemoPostEventTextView.h; sourceTree = "<group>"; };
		B27ED44D2A1720C900DB1772 /* WADemoPostEventView.m */ = {isa = PBXFileReference; fileEncoding = 4; lastKnownFileType = sourcecode.c.objc; path = WADemoPostEventView.m; sourceTree = "<group>"; };
		B27ED44E2A1720C900DB1772 /* WADemoAppTrackingView.m */ = {isa = PBXFileReference; fileEncoding = 4; lastKnownFileType = sourcecode.c.objc; path = WADemoAppTrackingView.m; sourceTree = "<group>"; };
		B27ED44F2A1720C900DB1772 /* WADemoEventTableView.h */ = {isa = PBXFileReference; fileEncoding = 4; lastKnownFileType = sourcecode.c.h; path = WADemoEventTableView.h; sourceTree = "<group>"; };
		B27ED4502A1720C900DB1772 /* Assets.xcassets */ = {isa = PBXFileReference; lastKnownFileType = folder.assetcatalog; path = Assets.xcassets; sourceTree = "<group>"; };
		B27ED4512A1720C900DB1772 /* WADemoMainUI.h */ = {isa = PBXFileReference; fileEncoding = 4; lastKnownFileType = sourcecode.c.h; path = WADemoMainUI.h; sourceTree = "<group>"; };
		B27ED4532A1720C900DB1772 /* WADemoUserCenterViewController.m */ = {isa = PBXFileReference; fileEncoding = 4; lastKnownFileType = sourcecode.c.objc; path = WADemoUserCenterViewController.m; sourceTree = "<group>"; };
		B27ED4542A1720C900DB1772 /* WADemoUserCenterViewController.h */ = {isa = PBXFileReference; fileEncoding = 4; lastKnownFileType = sourcecode.c.h; path = WADemoUserCenterViewController.h; sourceTree = "<group>"; };
		B27ED4562A1720C900DB1772 /* WADemoAccountSwitch.m */ = {isa = PBXFileReference; fileEncoding = 4; lastKnownFileType = sourcecode.c.objc; path = WADemoAccountSwitch.m; sourceTree = "<group>"; };
		B27ED4572A1720C900DB1772 /* WADemoBindingAccountList.h */ = {isa = PBXFileReference; fileEncoding = 4; lastKnownFileType = sourcecode.c.h; path = WADemoBindingAccountList.h; sourceTree = "<group>"; };
		B27ED4582A1720C900DB1772 /* WADemoAccountManagement.h */ = {isa = PBXFileReference; fileEncoding = 4; lastKnownFileType = sourcecode.c.h; path = WADemoAccountManagement.h; sourceTree = "<group>"; };
		B27ED45A2A1720C900DB1772 /* WADemoAccountManagement.m */ = {isa = PBXFileReference; fileEncoding = 4; lastKnownFileType = sourcecode.c.objc; path = WADemoAccountManagement.m; sourceTree = "<group>"; };
		B27ED45B2A1720C900DB1772 /* WADemoAccountSwitch.h */ = {isa = PBXFileReference; fileEncoding = 4; lastKnownFileType = sourcecode.c.h; path = WADemoAccountSwitch.h; sourceTree = "<group>"; };
		B27ED45C2A1720C900DB1772 /* WADemoBindingAccountList.m */ = {isa = PBXFileReference; fileEncoding = 4; lastKnownFileType = sourcecode.c.objc; path = WADemoBindingAccountList.m; sourceTree = "<group>"; };
		B27ED45F2A1720C900DB1772 /* WADemoCscViewController.m */ = {isa = PBXFileReference; fileEncoding = 4; lastKnownFileType = sourcecode.c.objc; path = WADemoCscViewController.m; sourceTree = "<group>"; };
		B27ED4602A1720C900DB1772 /* WADemoCscViewController.h */ = {isa = PBXFileReference; fileEncoding = 4; lastKnownFileType = sourcecode.c.h; path = WADemoCscViewController.h; sourceTree = "<group>"; };
		B27ED4622A1720C900DB1772 /* WADemoPayView.m */ = {isa = PBXFileReference; fileEncoding = 4; lastKnownFileType = sourcecode.c.objc; path = WADemoPayView.m; sourceTree = "<group>"; };
		B27ED4632A1720C900DB1772 /* WADemoPayView.h */ = {isa = PBXFileReference; fileEncoding = 4; lastKnownFileType = sourcecode.c.h; path = WADemoPayView.h; sourceTree = "<group>"; };
		B27ED4652A1720C900DB1772 /* WADemoProductList.m */ = {isa = PBXFileReference; fileEncoding = 4; lastKnownFileType = sourcecode.c.objc; path = WADemoProductList.m; sourceTree = "<group>"; };
		B27ED4662A1720C900DB1772 /* WADemoIapView.m */ = {isa = PBXFileReference; fileEncoding = 4; lastKnownFileType = sourcecode.c.objc; path = WADemoIapView.m; sourceTree = "<group>"; };
		B27ED4672A1720C900DB1772 /* WADemoProductList.h */ = {isa = PBXFileReference; fileEncoding = 4; lastKnownFileType = sourcecode.c.h; path = WADemoProductList.h; sourceTree = "<group>"; };
		B27ED4682A1720C900DB1772 /* WADemoIapView.h */ = {isa = PBXFileReference; fileEncoding = 4; lastKnownFileType = sourcecode.c.h; path = WADemoIapView.h; sourceTree = "<group>"; };
		B27ED46A2A1720CA00DB1772 /* WADemoHotUpdateView.h */ = {isa = PBXFileReference; fileEncoding = 4; lastKnownFileType = sourcecode.c.h; path = WADemoHotUpdateView.h; sourceTree = "<group>"; };
		B27ED46B2A1720CA00DB1772 /* WADemoHotUpdateView.m */ = {isa = PBXFileReference; fileEncoding = 4; lastKnownFileType = sourcecode.c.objc; path = WADemoHotUpdateView.m; sourceTree = "<group>"; };
		B27ED46E2A1720CA00DB1772 /* WADemoVKGiftView.h */ = {isa = PBXFileReference; fileEncoding = 4; lastKnownFileType = sourcecode.c.h; path = WADemoVKGiftView.h; sourceTree = "<group>"; };
		B27ED46F2A1720CA00DB1772 /* WADemoGiftView.m */ = {isa = PBXFileReference; fileEncoding = 4; lastKnownFileType = sourcecode.c.objc; path = WADemoGiftView.m; sourceTree = "<group>"; };
		B27ED4702A1720CA00DB1772 /* Gift.zip */ = {isa = PBXFileReference; lastKnownFileType = archive.zip; path = Gift.zip; sourceTree = "<group>"; };
		B27ED4722A1720CA00DB1772 /* WADemoGiftListTVC.m */ = {isa = PBXFileReference; fileEncoding = 4; lastKnownFileType = sourcecode.c.objc; path = WADemoGiftListTVC.m; sourceTree = "<group>"; };
		B27ED4732A1720CA00DB1772 /* WADemoGiftList.h */ = {isa = PBXFileReference; fileEncoding = 4; lastKnownFileType = sourcecode.c.h; path = WADemoGiftList.h; sourceTree = "<group>"; };
		B27ED4742A1720CA00DB1772 /* WADemoGiftListView.h */ = {isa = PBXFileReference; fileEncoding = 4; lastKnownFileType = sourcecode.c.h; path = WADemoGiftListView.h; sourceTree = "<group>"; };
		B27ED4752A1720CA00DB1772 /* WADemoFriendListForSendingAsking.m */ = {isa = PBXFileReference; fileEncoding = 4; lastKnownFileType = sourcecode.c.objc; path = WADemoFriendListForSendingAsking.m; sourceTree = "<group>"; };
		B27ED4762A1720CA00DB1772 /* WADemoGiftListTVC.h */ = {isa = PBXFileReference; fileEncoding = 4; lastKnownFileType = sourcecode.c.h; path = WADemoGiftListTVC.h; sourceTree = "<group>"; };
		B27ED4772A1720CA00DB1772 /* WADemoGiftListView.m */ = {isa = PBXFileReference; fileEncoding = 4; lastKnownFileType = sourcecode.c.objc; path = WADemoGiftListView.m; sourceTree = "<group>"; };
		B27ED4782A1720CA00DB1772 /* WADemoGiftList.m */ = {isa = PBXFileReference; fileEncoding = 4; lastKnownFileType = sourcecode.c.objc; path = WADemoGiftList.m; sourceTree = "<group>"; };
		B27ED4792A1720CA00DB1772 /* WADemoFriendListForSendingAsking.h */ = {isa = PBXFileReference; fileEncoding = 4; lastKnownFileType = sourcecode.c.h; path = WADemoFriendListForSendingAsking.h; sourceTree = "<group>"; };
		B27ED47A2A1720CA00DB1772 /* WADemoFBGiftView.h */ = {isa = PBXFileReference; fileEncoding = 4; lastKnownFileType = sourcecode.c.h; path = WADemoFBGiftView.h; sourceTree = "<group>"; };
		B27ED47B2A1720CA00DB1772 /* WADemoGiftView.h */ = {isa = PBXFileReference; fileEncoding = 4; lastKnownFileType = sourcecode.c.h; path = WADemoGiftView.h; sourceTree = "<group>"; };
		B27ED47C2A1720CA00DB1772 /* WADemoVKGiftView.m */ = {isa = PBXFileReference; fileEncoding = 4; lastKnownFileType = sourcecode.c.objc; path = WADemoVKGiftView.m; sourceTree = "<group>"; };
		B27ED47E2A1720CA00DB1772 /* WADemoFriendInGameTV.m */ = {isa = PBXFileReference; fileEncoding = 4; lastKnownFileType = sourcecode.c.objc; path = WADemoFriendInGameTV.m; sourceTree = "<group>"; };
		B27ED47F2A1720CA00DB1772 /* WADemoFriendInGameTV.h */ = {isa = PBXFileReference; fileEncoding = 4; lastKnownFileType = sourcecode.c.h; path = WADemoFriendInGameTV.h; sourceTree = "<group>"; };
		B27ED4802A1720CA00DB1772 /* WADemoFBGiftView.m */ = {isa = PBXFileReference; fileEncoding = 4; lastKnownFileType = sourcecode.c.objc; path = WADemoFBGiftView.m; sourceTree = "<group>"; };
		B27ED4822A1720CA00DB1772 /* WADemoGiftRequestView.m */ = {isa = PBXFileReference; fileEncoding = 4; lastKnownFileType = sourcecode.c.objc; path = WADemoGiftRequestView.m; sourceTree = "<group>"; };
		B27ED4832A1720CA00DB1772 /* WADemoGiftBoxTV.m */ = {isa = PBXFileReference; fileEncoding = 4; lastKnownFileType = sourcecode.c.objc; path = WADemoGiftBoxTV.m; sourceTree = "<group>"; };
		B27ED4842A1720CA00DB1772 /* WADemoGiftBoxTV.h */ = {isa = PBXFileReference; fileEncoding = 4; lastKnownFileType = sourcecode.c.h; path = WADemoGiftBoxTV.h; sourceTree = "<group>"; };
		B27ED4852A1720CA00DB1772 /* WADemoGiftRequestView.h */ = {isa = PBXFileReference; fileEncoding = 4; lastKnownFileType = sourcecode.c.h; path = WADemoGiftRequestView.h; sourceTree = "<group>"; };
		B27ED4872A1720CA00DB1772 /* WADemoFBInviteView.m */ = {isa = PBXFileReference; fileEncoding = 4; lastKnownFileType = sourcecode.c.objc; path = WADemoFBInviteView.m; sourceTree = "<group>"; };
		B27ED4882A1720CA00DB1772 /* WADemoFriendListTV.m */ = {isa = PBXFileReference; fileEncoding = 4; lastKnownFileType = sourcecode.c.objc; path = WADemoFriendListTV.m; sourceTree = "<group>"; };
		B27ED4892A1720CA00DB1772 /* WADemoVKInviteView.h */ = {isa = PBXFileReference; fileEncoding = 4; lastKnownFileType = sourcecode.c.h; path = WADemoVKInviteView.h; sourceTree = "<group>"; };
		B27ED48A2A1720CA00DB1772 /* WADemoGroupCell.h */ = {isa = PBXFileReference; fileEncoding = 4; lastKnownFileType = sourcecode.c.h; path = WADemoGroupCell.h; sourceTree = "<group>"; };
		B27ED48B2A1720CA00DB1772 /* WADemoVKFriendList.m */ = {isa = PBXFileReference; fileEncoding = 4; lastKnownFileType = sourcecode.c.objc; path = WADemoVKFriendList.m; sourceTree = "<group>"; };
		B27ED48C2A1720CA00DB1772 /* WADemoInvite.m */ = {isa = PBXFileReference; fileEncoding = 4; lastKnownFileType = sourcecode.c.objc; path = WADemoInvite.m; sourceTree = "<group>"; };
		B27ED48D2A1720CA00DB1772 /* WADemoGroups.h */ = {isa = PBXFileReference; fileEncoding = 4; lastKnownFileType = sourcecode.c.h; path = WADemoGroups.h; sourceTree = "<group>"; };
		B27ED48E2A1720CA00DB1772 /* WADemoGroupCell.m */ = {isa = PBXFileReference; fileEncoding = 4; lastKnownFileType = sourcecode.c.objc; path = WADemoGroupCell.m; sourceTree = "<group>"; };
		B27ED48F2A1720CA00DB1772 /* WADemoVKInviteView.m */ = {isa = PBXFileReference; fileEncoding = 4; lastKnownFileType = sourcecode.c.objc; path = WADemoVKInviteView.m; sourceTree = "<group>"; };
		B27ED4902A1720CA00DB1772 /* WADemoFBInviteView.h */ = {isa = PBXFileReference; fileEncoding = 4; lastKnownFileType = sourcecode.c.h; path = WADemoFBInviteView.h; sourceTree = "<group>"; };
		B27ED4912A1720CA00DB1772 /* WADemoFriendListTV.h */ = {isa = PBXFileReference; fileEncoding = 4; lastKnownFileType = sourcecode.c.h; path = WADemoFriendListTV.h; sourceTree = "<group>"; };
		B27ED4922A1720CA00DB1772 /* WADemoVKFriendList.h */ = {isa = PBXFileReference; fileEncoding = 4; lastKnownFileType = sourcecode.c.h; path = WADemoVKFriendList.h; sourceTree = "<group>"; };
		B27ED4932A1720CA00DB1772 /* WADemoInvite.h */ = {isa = PBXFileReference; fileEncoding = 4; lastKnownFileType = sourcecode.c.h; path = WADemoInvite.h; sourceTree = "<group>"; };
		B27ED4942A1720CA00DB1772 /* WADemoGroups.m */ = {isa = PBXFileReference; fileEncoding = 4; lastKnownFileType = sourcecode.c.objc; path = WADemoGroups.m; sourceTree = "<group>"; };
		B27ED4962A1720CA00DB1772 /* WADemoFBShareView.h */ = {isa = PBXFileReference; fileEncoding = 4; lastKnownFileType = sourcecode.c.h; path = WADemoFBShareView.h; sourceTree = "<group>"; };
		B27ED4972A1720CA00DB1772 /* WADemoFBShareView.m */ = {isa = PBXFileReference; fileEncoding = 4; lastKnownFileType = sourcecode.c.objc; path = WADemoFBShareView.m; sourceTree = "<group>"; };
		B27ED4992A1720CA00DB1772 /* WADemoLoginUI.m */ = {isa = PBXFileReference; fileEncoding = 4; lastKnownFileType = sourcecode.c.objc; path = WADemoLoginUI.m; sourceTree = "<group>"; };
		B27ED49A2A1720CA00DB1772 /* WADemoLoginUI.h */ = {isa = PBXFileReference; fileEncoding = 4; lastKnownFileType = sourcecode.c.h; path = WADemoLoginUI.h; sourceTree = "<group>"; };
		B27ED49B2A1720CA00DB1772 /* WADemoMainUI.m */ = {isa = PBXFileReference; fileEncoding = 4; lastKnownFileType = sourcecode.c.objc; path = WADemoMainUI.m; sourceTree = "<group>"; };
		B27ED49D2A1720CA00DB1772 /* WADemoAdView.m */ = {isa = PBXFileReference; fileEncoding = 4; lastKnownFileType = sourcecode.c.objc; path = WADemoAdView.m; sourceTree = "<group>"; };
		B27ED49E2A1720CA00DB1772 /* WADemoAdView.h */ = {isa = PBXFileReference; fileEncoding = 4; lastKnownFileType = sourcecode.c.h; path = WADemoAdView.h; sourceTree = "<group>"; };
		B27ED4A02A1720CA00DB1772 /* WADemoUtil.m */ = {isa = PBXFileReference; fileEncoding = 4; lastKnownFileType = sourcecode.c.objc; path = WADemoUtil.m; sourceTree = "<group>"; };
		B27ED4A12A1720CA00DB1772 /* WADemoUtil.h */ = {isa = PBXFileReference; fileEncoding = 4; lastKnownFileType = sourcecode.c.h; path = WADemoUtil.h; sourceTree = "<group>"; };
		B27ED4A42A1720CA00DB1772 /* Base */ = {isa = PBXFileReference; lastKnownFileType = file.storyboard; name = Base; path = LaunchScreen.storyboard; sourceTree = "<group>"; };
		B27ED4A62A1720CA00DB1772 /* Base */ = {isa = PBXFileReference; lastKnownFileType = file.storyboard; name = Base; path = Main.storyboard; sourceTree = "<group>"; };
		B27ED4A82A1720CA00DB1772 /* WADemoMaskLayer.h */ = {isa = PBXFileReference; fileEncoding = 4; lastKnownFileType = sourcecode.c.h; path = WADemoMaskLayer.h; sourceTree = "<group>"; };
		B27ED4A92A1720CA00DB1772 /* WADemoAlertView.m */ = {isa = PBXFileReference; fileEncoding = 4; lastKnownFileType = sourcecode.c.objc; path = WADemoAlertView.m; sourceTree = "<group>"; };
		B27ED4AA2A1720CA00DB1772 /* WADemoButtonSwitch.h */ = {isa = PBXFileReference; fileEncoding = 4; lastKnownFileType = sourcecode.c.h; path = WADemoButtonSwitch.h; sourceTree = "<group>"; };
		B27ED4AB2A1720CA00DB1772 /* WADemoButtonMain.m */ = {isa = PBXFileReference; fileEncoding = 4; lastKnownFileType = sourcecode.c.objc; path = WADemoButtonMain.m; sourceTree = "<group>"; };
		B27ED4AC2A1720CA00DB1772 /* WADemoNaviView.h */ = {isa = PBXFileReference; fileEncoding = 4; lastKnownFileType = sourcecode.c.h; path = WADemoNaviView.h; sourceTree = "<group>"; };
		B27ED4AD2A1720CA00DB1772 /* WADemoListTableView.h */ = {isa = PBXFileReference; fileEncoding = 4; lastKnownFileType = sourcecode.c.h; path = WADemoListTableView.h; sourceTree = "<group>"; };
		B27ED4AE2A1720CA00DB1772 /* WADemoScrollView.h */ = {isa = PBXFileReference; fileEncoding = 4; lastKnownFileType = sourcecode.c.h; path = WADemoScrollView.h; sourceTree = "<group>"; };
		B27ED4AF2A1720CA00DB1772 /* WADemoAlertView.h */ = {isa = PBXFileReference; fileEncoding = 4; lastKnownFileType = sourcecode.c.h; path = WADemoAlertView.h; sourceTree = "<group>"; };
		B27ED4B02A1720CA00DB1772 /* WADemoMaskLayer.m */ = {isa = PBXFileReference; fileEncoding = 4; lastKnownFileType = sourcecode.c.objc; path = WADemoMaskLayer.m; sourceTree = "<group>"; };
		B27ED4B12A1720CA00DB1772 /* WADemoButtonSwitch.m */ = {isa = PBXFileReference; fileEncoding = 4; lastKnownFileType = sourcecode.c.objc; path = WADemoButtonSwitch.m; sourceTree = "<group>"; };
		B27ED4B22A1720CA00DB1772 /* WADemoButtonMain.h */ = {isa = PBXFileReference; fileEncoding = 4; lastKnownFileType = sourcecode.c.h; path = WADemoButtonMain.h; sourceTree = "<group>"; };
		B27ED4B32A1720CA00DB1772 /* WADemoListTableView.m */ = {isa = PBXFileReference; fileEncoding = 4; lastKnownFileType = sourcecode.c.objc; path = WADemoListTableView.m; sourceTree = "<group>"; };
		B27ED4B42A1720CA00DB1772 /* WADemoScrollView.m */ = {isa = PBXFileReference; fileEncoding = 4; lastKnownFileType = sourcecode.c.objc; path = WADemoScrollView.m; sourceTree = "<group>"; };
		B27ED4B52A1720CA00DB1772 /* WADemoNaviView.m */ = {isa = PBXFileReference; fileEncoding = 4; lastKnownFileType = sourcecode.c.objc; path = WADemoNaviView.m; sourceTree = "<group>"; };
		B27ED4EA2A172DC000DB1772 /* Foundation.framework */ = {isa = PBXFileReference; lastKnownFileType = wrapper.framework; name = Foundation.framework; path = System/Library/Frameworks/Foundation.framework; sourceTree = SDKROOT; };
		B27ED4EC2A172DD100DB1772 /* UIKit.framework */ = {isa = PBXFileReference; lastKnownFileType = wrapper.framework; name = UIKit.framework; path = System/Library/Frameworks/UIKit.framework; sourceTree = SDKROOT; };
		B27ED4EE2A172E0A00DB1772 /* libsqlite3.tbd */ = {isa = PBXFileReference; lastKnownFileType = "sourcecode.text-based-dylib-definition"; name = libsqlite3.tbd; path = usr/lib/libsqlite3.tbd; sourceTree = SDKROOT; };
		B27ED4F02A172E1200DB1772 /* libz.tbd */ = {isa = PBXFileReference; lastKnownFileType = "sourcecode.text-based-dylib-definition"; name = libz.tbd; path = usr/lib/libz.tbd; sourceTree = SDKROOT; };
		B27ED4F22A172E7300DB1772 /* AppTrackingTransparency.framework */ = {isa = PBXFileReference; lastKnownFileType = wrapper.framework; name = AppTrackingTransparency.framework; path = System/Library/Frameworks/AppTrackingTransparency.framework; sourceTree = SDKROOT; };
		B27ED4F42A172E8C00DB1772 /* libc++.tbd */ = {isa = PBXFileReference; lastKnownFileType = "sourcecode.text-based-dylib-definition"; name = "libc++.tbd"; path = "usr/lib/libc++.tbd"; sourceTree = SDKROOT; };
		B27ED4F62A172E9600DB1772 /* libresolv.tbd */ = {isa = PBXFileReference; lastKnownFileType = "sourcecode.text-based-dylib-definition"; name = libresolv.tbd; path = usr/lib/libresolv.tbd; sourceTree = SDKROOT; };
		B27ED4F82A172EA200DB1772 /* CoreFoundation.framework */ = {isa = PBXFileReference; lastKnownFileType = wrapper.framework; name = CoreFoundation.framework; path = System/Library/Frameworks/CoreFoundation.framework; sourceTree = SDKROOT; };
		B27ED5002A1730AB00DB1772 /* Accelerate.framework */ = {isa = PBXFileReference; lastKnownFileType = wrapper.framework; name = Accelerate.framework; path = System/Library/Frameworks/Accelerate.framework; sourceTree = SDKROOT; };
		B294C1FB2A64EE3F00B1CB1B /* WADemoRelease.entitlements */ = {isa = PBXFileReference; lastKnownFileType = text.plist.entitlements; path = WADemoRelease.entitlements; sourceTree = "<group>"; };
		B294C2142A68C59400B1CB1B /* WADemoClientidSetting.m */ = {isa = PBXFileReference; fileEncoding = 4; lastKnownFileType = sourcecode.c.objc; path = WADemoClientidSetting.m; sourceTree = "<group>"; };
		B294C2152A68C59400B1CB1B /* WADemoClientidSetting.h */ = {isa = PBXFileReference; fileEncoding = 4; lastKnownFileType = sourcecode.c.h; path = WADemoClientidSetting.h; sourceTree = "<group>"; };
		B296DD202C2417A500DF909D /* SplashViewController.h */ = {isa = PBXFileReference; lastKnownFileType = sourcecode.c.h; path = SplashViewController.h; sourceTree = "<group>"; };
		B296DD212C2417A500DF909D /* SplashViewController.m */ = {isa = PBXFileReference; lastKnownFileType = sourcecode.c.objc; path = SplashViewController.m; sourceTree = "<group>"; };
		B296DD242C2418F800DF909D /* WADemoAdMobView.h */ = {isa = PBXFileReference; lastKnownFileType = sourcecode.c.h; path = WADemoAdMobView.h; sourceTree = "<group>"; };
		B296DD252C2418F800DF909D /* WADemoAdMobView.m */ = {isa = PBXFileReference; lastKnownFileType = sourcecode.c.objc; path = WADemoAdMobView.m; sourceTree = "<group>"; };
		B2ABFDFD2E2F867A00894F67 /* wa_sdk_impl_config_admob.xml */ = {isa = PBXFileReference; lastKnownFileType = text.xml; path = wa_sdk_impl_config_admob.xml; sourceTree = "<group>"; };
		B2ABFDFE2E2F867A00894F67 /* wa_sdk_impl_config_ghgl.xml */ = {isa = PBXFileReference; lastKnownFileType = text.xml; path = wa_sdk_impl_config_ghgl.xml; sourceTree = "<group>"; };
		B2ABFDFF2E2F867A00894F67 /* wa_sdk_impl_config_ghgp.xml */ = {isa = PBXFileReference; lastKnownFileType = text.xml; path = wa_sdk_impl_config_ghgp.xml; sourceTree = "<group>"; };
		B2CD02CD2F18F90E003E2B71 /* base.plist */ = {isa = PBXFileReference; lastKnownFileType = text.plist.xml; path = base.plist; sourceTree = "<group>"; };
		B2CD02CE2F18F90E003E2B71 /* en.plist */ = {isa = PBXFileReference; lastKnownFileType = text.plist.xml; path = en.plist; sourceTree = "<group>"; };
		B2CD02CF2F18F90E003E2B71 /* es.plist */ = {isa = PBXFileReference; lastKnownFileType = text.plist.xml; path = es.plist; sourceTree = "<group>"; };
		B2CD02D02F18F90E003E2B71 /* id.plist */ = {isa = PBXFileReference; lastKnownFileType = text.plist.xml; path = id.plist; sourceTree = "<group>"; };
		B2CD02D12F18F90E003E2B71 /* pt.plist */ = {isa = PBXFileReference; lastKnownFileType = text.plist.xml; path = pt.plist; sourceTree = "<group>"; };
		B2CD02D22F18F90E003E2B71 /* ru.plist */ = {isa = PBXFileReference; lastKnownFileType = text.plist.xml; path = ru.plist; sourceTree = "<group>"; };
		B2CD02D32F18F90E003E2B71 /* th.plist */ = {isa = PBXFileReference; lastKnownFileType = text.plist.xml; path = th.plist; sourceTree = "<group>"; };
		B2CD02D42F18F90E003E2B71 /* zh-Hans.plist */ = {isa = PBXFileReference; lastKnownFileType = text.plist.xml; path = "zh-Hans.plist"; sourceTree = "<group>"; };
		B2CD02D52F18F90E003E2B71 /* zh-Hant.plist */ = {isa = PBXFileReference; lastKnownFileType = text.plist.xml; path = "zh-Hant.plist"; sourceTree = "<group>"; };
		B2CD02D72F18F90E003E2B71 /* AIHelpSupportSDK.bundle */ = {isa = PBXFileReference; lastKnownFileType = "wrapper.plug-in"; path = AIHelpSupportSDK.bundle; sourceTree = "<group>"; };
		B2CD02D82F18F90E003E2B71 /* FacebookSDKStrings.bundle */ = {isa = PBXFileReference; lastKnownFileType = "wrapper.plug-in"; path = FacebookSDKStrings.bundle; sourceTree = "<group>"; };
		B2CD02D92F18F90E003E2B71 /* wa_sdk.plist */ = {isa = PBXFileReference; lastKnownFileType = text.plist.xml; path = wa_sdk.plist; sourceTree = "<group>"; };
		B2CD02DA2F18F90E003E2B71 /* wa_sdk_impl_config_aihelp.xml */ = {isa = PBXFileReference; lastKnownFileType = text.xml; path = wa_sdk_impl_config_aihelp.xml; sourceTree = "<group>"; };
		B2CD02DB2F18F90E003E2B71 /* wa_sdk_impl_config_apple.xml */ = {isa = PBXFileReference; lastKnownFileType = text.xml; path = wa_sdk_impl_config_apple.xml; sourceTree = "<group>"; };
		B2CD02DC2F18F90E003E2B71 /* wa_sdk_impl_config_appsflyer.xml */ = {isa = PBXFileReference; lastKnownFileType = text.xml; path = wa_sdk_impl_config_appsflyer.xml; sourceTree = "<group>"; };
		B2CD02DD2F18F90E003E2B71 /* wa_sdk_impl_config_facebook.xml */ = {isa = PBXFileReference; lastKnownFileType = text.xml; path = wa_sdk_impl_config_facebook.xml; sourceTree = "<group>"; };
		B2CD02DE2F18F90E003E2B71 /* wa_sdk_impl_config_firebase.xml */ = {isa = PBXFileReference; lastKnownFileType = text.xml; path = wa_sdk_impl_config_firebase.xml; sourceTree = "<group>"; };
		B2CD02DF2F18F90E003E2B71 /* wa_sdk_impl_config_push.xml */ = {isa = PBXFileReference; lastKnownFileType = text.xml; path = wa_sdk_impl_config_push.xml; sourceTree = "<group>"; };
		B2CD02E02F18F90E003E2B71 /* wa_sdk_impl_config_winga.xml */ = {isa = PBXFileReference; lastKnownFileType = text.xml; path = wa_sdk_impl_config_winga.xml; sourceTree = "<group>"; };
		B2CD02E12F18F90E003E2B71 /* wa_sdk_track_config.plist */ = {isa = PBXFileReference; lastKnownFileType = text.plist.xml; path = wa_sdk_track_config.plist; sourceTree = "<group>"; };
		B2CD02E22F18F90E003E2B71 /* WASDK-Resource.bundle */ = {isa = PBXFileReference; lastKnownFileType = "wrapper.plug-in"; path = "WASDK-Resource.bundle"; sourceTree = "<group>"; };
		B2F633A52A1AFA5400559C40 /* WADemo.entitlements */ = {isa = PBXFileReference; lastKnownFileType = text.plist.entitlements; path = WADemo.entitlements; sourceTree = "<group>"; };
/* End PBXFileReference section */

/* Begin PBXFrameworksBuildPhase section */
		B27ED3312A17196E00DB1772 /* Frameworks */ = {
			isa = PBXFrameworksBuildPhase;
			buildActionMask = 2147483647;
			files = (
				B298D7C82F14D5D900D5DA86 /* WAAdmobImpl in Frameworks */,
				B27ED4F92A172EA200DB1772 /* CoreFoundation.framework in Frameworks */,
				B24201102F29B5F8000F46CE /* WAFirebaseImpl in Frameworks */,
				B23272D72D798FED00051526 /* PhotosUI.framework in Frameworks */,
				B243A46C2A287E6E00F404C1 /* SwiftUI.framework in Frameworks */,
				B298D7B52F14D5AA00D5DA86 /* WAApImpl in Frameworks */,
				B27ED5012A1730AB00DB1772 /* Accelerate.framework in Frameworks */,
				B242010E2F29B5F8000F46CE /* WAFbImpl in Frameworks */,
				B24200FD2F29A959000F46CE /* WAFbImpl in Frameworks */,
				B24200FB2F29A959000F46CE /* WAApImpl in Frameworks */,
				B298D7BD2F14D5AA00D5DA86 /* WASdkImpl in Frameworks */,
				B24200F92F29A959000F46CE /* WAAiHelpImpl in Frameworks */,
				B24201032F29A959000F46CE /* WASdkImpl in Frameworks */,
				B242010A2F29B5F8000F46CE /* WAAiHelpImpl in Frameworks */,
				B24201122F29B5F8000F46CE /* WAPushImpl in Frameworks */,
				B27ED4F72A172E9600DB1772 /* libresolv.tbd in Frameworks */,
				B27ED4F52A172E8C00DB1772 /* libc++.tbd in Frameworks */,
				B298D7B92F14D5AA00D5DA86 /* WAFirebaseImpl in Frameworks */,
				B27ED4F32A172E7300DB1772 /* AppTrackingTransparency.framework in Frameworks */,
				B298D7C22F14D5C000D5DA86 /* WAGhgpImpl in Frameworks */,
				B2AA6EA42F14AD6D005E201A /* WAGhgpImpl in Frameworks */,
				B242010C2F29B5F8000F46CE /* WAApImpl in Frameworks */,
				B27ED4F12A172E1200DB1772 /* libz.tbd in Frameworks */,
				B24200FF2F29A959000F46CE /* WAFirebaseImpl in Frameworks */,
				B27ED4EF2A172E0A00DB1772 /* libsqlite3.tbd in Frameworks */,
				B24201052F29A959000F46CE /* WASdkIntf in Frameworks */,
				B298D7BF2F14D5AA00D5DA86 /* WASdkIntf in Frameworks */,
				B298D7B32F14D5AA00D5DA86 /* WAAiHelpImpl in Frameworks */,
				B24201162F29B5F8000F46CE /* WASdkIntf in Frameworks */,
				B27ED4ED2A172DD100DB1772 /* UIKit.framework in Frameworks */,
				B24201082F29B5F8000F46CE /* WAAfImpl in Frameworks */,
				B24201012F29A959000F46CE /* WAPushImpl in Frameworks */,
				B24201142F29B5F8000F46CE /* WASdkImpl in Frameworks */,
				B24200F72F29A959000F46CE /* WAAfImpl in Frameworks */,
				B298D7BB2F14D5AA00D5DA86 /* WAPushImpl in Frameworks */,
				B298D7C52F14D5CF00D5DA86 /* WAGhglImpl in Frameworks */,
				B27ED4EB2A172DC000DB1772 /* Foundation.framework in Frameworks */,
				B298D7B72F14D5AA00D5DA86 /* WAFbImpl in Frameworks */,
				B279EC942DB9DDB200162B5F /* StoreKit.framework in Frameworks */,
				B298D7B12F14D5AA00D5DA86 /* WAAfImpl in Frameworks */,
			);
			runOnlyForDeploymentPostprocessing = 0;
		};
/* End PBXFrameworksBuildPhase section */

/* Begin PBXGroup section */
		B27ED32B2A17196E00DB1772 = {
			isa = PBXGroup;
			children = (
				B2CD02E32F18F90E003E2B71 /* wingsdkResources_4.9.2 */,
				B2ABFE002E2F867A00894F67 /* admob&webResources */,
				B26B633B2A6A1A51007C46DB /* WADemo-Bridging-Header.h */,
				B26B63392A6A1A29007C46DB /* File.swift */,
				B27ED3362A17196E00DB1772 /* WADemo */,
				B27ED3352A17196E00DB1772 /* Products */,
				B27ED4E92A172DC000DB1772 /* Frameworks */,
			);
			sourceTree = "<group>";
		};
		B27ED3352A17196E00DB1772 /* Products */ = {
			isa = PBXGroup;
			children = (
				B27ED3342A17196E00DB1772 /* WADemo.app */,
			);
			name = Products;
			sourceTree = "<group>";
		};
		B27ED3362A17196E00DB1772 /* WADemo */ = {
			isa = PBXGroup;
			children = (
				B296DD232C2418E000DF909D /* AdMob */,
				B294C2132A68C59400B1CB1B /* clientidsetting */,
				B294C1FB2A64EE3F00B1CB1B /* WADemoRelease.entitlements */,
				B2F633A52A1AFA5400559C40 /* WADemo.entitlements */,
				B27ED4552A1720C900DB1772 /* AccountManagement  */,
				B27ED49C2A1720CA00DB1772 /* Ad */,
				B27ED4412A1720C900DB1772 /* AppTracking */,
				B27ED4502A1720C900DB1772 /* Assets.xcassets */,
				B27ED4A22A1720CA00DB1772 /* Base.lproj */,
				B27ED45E2A1720C900DB1772 /* Csc */,
				B27ED4402A1720C900DB1772 /* GoogleService-Info.plist */,
				B27ED4692A1720CA00DB1772 /* HotUpdate */,
				B27ED4642A1720C900DB1772 /* InAppPurchase */,
				B27ED4982A1720CA00DB1772 /* Login */,
				B27ED4612A1720C900DB1772 /* Pay */,
				B27ED46C2A1720CA00DB1772 /* SocialSupport */,
				B27ED4A72A1720CA00DB1772 /* UICommon */,
				B27ED4522A1720C900DB1772 /* UserCenter */,
				B27ED49F2A1720CA00DB1772 /* Util */,
				B27ED4512A1720C900DB1772 /* WADemoMainUI.h */,
				B27ED49B2A1720CA00DB1772 /* WADemoMainUI.m */,
				B27ED3372A17196E00DB1772 /* AppDelegate.h */,
				B27ED3382A17196E00DB1772 /* AppDelegate.m */,
				B241F6C82A402BBD00B6D95A /* SceneDelegate.h */,
				B241F6C92A402BBD00B6D95A /* SceneDelegate.m */,
				B27ED33D2A17196E00DB1772 /* ViewController.h */,
				B27ED33E2A17196E00DB1772 /* ViewController.m */,
				B27ED3402A17196E00DB1772 /* Main.storyboard */,
				B27ED3432A17196F00DB1772 /* Assets.xcassets */,
				B27ED3452A17196F00DB1772 /* LaunchScreen.storyboard */,
				B27ED3482A17196F00DB1772 /* Info.plist */,
				B27ED3492A17196F00DB1772 /* main.m */,
				B296DD202C2417A500DF909D /* SplashViewController.h */,
				B296DD212C2417A500DF909D /* SplashViewController.m */,
			);
			path = WADemo;
			sourceTree = "<group>";
		};
		B27ED4412A1720C900DB1772 /* AppTracking */ = {
			isa = PBXGroup;
			children = (
				B27ED4422A1720C900DB1772 /* WADemoPostEventViewBtn.h */,
				B27ED4432A1720C900DB1772 /* WADemoEventData.m */,
				B27ED4442A1720C900DB1772 /* WADemoEventParam.h */,
				B27ED4452A1720C900DB1772 /* WADemoPostEventTextView.m */,
				B27ED4462A1720C900DB1772 /* WADemoPostEventView.h */,
				B27ED4472A1720C900DB1772 /* WADemoEventTableView.m */,
				B27ED4482A1720C900DB1772 /* WADemoAppTrackingView.h */,
				B27ED4492A1720C900DB1772 /* WADemoEventParam.m */,
				B27ED44A2A1720C900DB1772 /* WADemoPostEventViewBtn.m */,
				B27ED44B2A1720C900DB1772 /* WADemoEventData.h */,
				B27ED44C2A1720C900DB1772 /* WADemoPostEventTextView.h */,
				B27ED44D2A1720C900DB1772 /* WADemoPostEventView.m */,
				B27ED44E2A1720C900DB1772 /* WADemoAppTrackingView.m */,
				B27ED44F2A1720C900DB1772 /* WADemoEventTableView.h */,
			);
			path = AppTracking;
			sourceTree = "<group>";
		};
		B27ED4522A1720C900DB1772 /* UserCenter */ = {
			isa = PBXGroup;
			children = (
				B27ED4532A1720C900DB1772 /* WADemoUserCenterViewController.m */,
				B27ED4542A1720C900DB1772 /* WADemoUserCenterViewController.h */,
			);
			path = UserCenter;
			sourceTree = "<group>";
		};
		B27ED4552A1720C900DB1772 /* AccountManagement  */ = {
			isa = PBXGroup;
			children = (
				B27ED4562A1720C900DB1772 /* WADemoAccountSwitch.m */,
				B27ED4572A1720C900DB1772 /* WADemoBindingAccountList.h */,
				B27ED4582A1720C900DB1772 /* WADemoAccountManagement.h */,
				B27ED45A2A1720C900DB1772 /* WADemoAccountManagement.m */,
				B27ED45B2A1720C900DB1772 /* WADemoAccountSwitch.h */,
				B27ED45C2A1720C900DB1772 /* WADemoBindingAccountList.m */,
			);
			path = "AccountManagement ";
			sourceTree = "<group>";
		};
		B27ED45E2A1720C900DB1772 /* Csc */ = {
			isa = PBXGroup;
			children = (
				B27ED45F2A1720C900DB1772 /* WADemoCscViewController.m */,
				B27ED4602A1720C900DB1772 /* WADemoCscViewController.h */,
			);
			path = Csc;
			sourceTree = "<group>";
		};
		B27ED4612A1720C900DB1772 /* Pay */ = {
			isa = PBXGroup;
			children = (
				B27ED4622A1720C900DB1772 /* WADemoPayView.m */,
				B27ED4632A1720C900DB1772 /* WADemoPayView.h */,
			);
			path = Pay;
			sourceTree = "<group>";
		};
		B27ED4642A1720C900DB1772 /* InAppPurchase */ = {
			isa = PBXGroup;
			children = (
				B27ED4652A1720C900DB1772 /* WADemoProductList.m */,
				B27ED4662A1720C900DB1772 /* WADemoIapView.m */,
				B27ED4672A1720C900DB1772 /* WADemoProductList.h */,
				B27ED4682A1720C900DB1772 /* WADemoIapView.h */,
			);
			path = InAppPurchase;
			sourceTree = "<group>";
		};
		B27ED4692A1720CA00DB1772 /* HotUpdate */ = {
			isa = PBXGroup;
			children = (
				B27ED46A2A1720CA00DB1772 /* WADemoHotUpdateView.h */,
				B27ED46B2A1720CA00DB1772 /* WADemoHotUpdateView.m */,
			);
			path = HotUpdate;
			sourceTree = "<group>";
		};
		B27ED46C2A1720CA00DB1772 /* SocialSupport */ = {
			isa = PBXGroup;
			children = (
				B27ED46D2A1720CA00DB1772 /* Gift */,
				B27ED4862A1720CA00DB1772 /* Invite */,
				B27ED4952A1720CA00DB1772 /* Share */,
			);
			path = SocialSupport;
			sourceTree = "<group>";
		};
		B27ED46D2A1720CA00DB1772 /* Gift */ = {
			isa = PBXGroup;
			children = (
				B27ED46E2A1720CA00DB1772 /* WADemoVKGiftView.h */,
				B27ED46F2A1720CA00DB1772 /* WADemoGiftView.m */,
				B27ED4702A1720CA00DB1772 /* Gift.zip */,
				B27ED4712A1720CA00DB1772 /* Gift(Send_Ask) */,
				B27ED47A2A1720CA00DB1772 /* WADemoFBGiftView.h */,
				B27ED47B2A1720CA00DB1772 /* WADemoGiftView.h */,
				B27ED47C2A1720CA00DB1772 /* WADemoVKGiftView.m */,
				B27ED47D2A1720CA00DB1772 /* FriendsInGame */,
				B27ED4802A1720CA00DB1772 /* WADemoFBGiftView.m */,
				B27ED4812A1720CA00DB1772 /* GiftBox */,
			);
			path = Gift;
			sourceTree = "<group>";
		};
		B27ED4712A1720CA00DB1772 /* Gift(Send_Ask) */ = {
			isa = PBXGroup;
			children = (
				B27ED4722A1720CA00DB1772 /* WADemoGiftListTVC.m */,
				B27ED4732A1720CA00DB1772 /* WADemoGiftList.h */,
				B27ED4742A1720CA00DB1772 /* WADemoGiftListView.h */,
				B27ED4752A1720CA00DB1772 /* WADemoFriendListForSendingAsking.m */,
				B27ED4762A1720CA00DB1772 /* WADemoGiftListTVC.h */,
				B27ED4772A1720CA00DB1772 /* WADemoGiftListView.m */,
				B27ED4782A1720CA00DB1772 /* WADemoGiftList.m */,
				B27ED4792A1720CA00DB1772 /* WADemoFriendListForSendingAsking.h */,
			);
			path = "Gift(Send_Ask)";
			sourceTree = "<group>";
		};
		B27ED47D2A1720CA00DB1772 /* FriendsInGame */ = {
			isa = PBXGroup;
			children = (
				B27ED47E2A1720CA00DB1772 /* WADemoFriendInGameTV.m */,
				B27ED47F2A1720CA00DB1772 /* WADemoFriendInGameTV.h */,
			);
			path = FriendsInGame;
			sourceTree = "<group>";
		};
		B27ED4812A1720CA00DB1772 /* GiftBox */ = {
			isa = PBXGroup;
			children = (
				B27ED4822A1720CA00DB1772 /* WADemoGiftRequestView.m */,
				B27ED4832A1720CA00DB1772 /* WADemoGiftBoxTV.m */,
				B27ED4842A1720CA00DB1772 /* WADemoGiftBoxTV.h */,
				B27ED4852A1720CA00DB1772 /* WADemoGiftRequestView.h */,
			);
			path = GiftBox;
			sourceTree = "<group>";
		};
		B27ED4862A1720CA00DB1772 /* Invite */ = {
			isa = PBXGroup;
			children = (
				B27ED4872A1720CA00DB1772 /* WADemoFBInviteView.m */,
				B27ED4882A1720CA00DB1772 /* WADemoFriendListTV.m */,
				B27ED4892A1720CA00DB1772 /* WADemoVKInviteView.h */,
				B27ED48A2A1720CA00DB1772 /* WADemoGroupCell.h */,
				B27ED48B2A1720CA00DB1772 /* WADemoVKFriendList.m */,
				B27ED48C2A1720CA00DB1772 /* WADemoInvite.m */,
				B27ED48D2A1720CA00DB1772 /* WADemoGroups.h */,
				B27ED48E2A1720CA00DB1772 /* WADemoGroupCell.m */,
				B27ED48F2A1720CA00DB1772 /* WADemoVKInviteView.m */,
				B27ED4902A1720CA00DB1772 /* WADemoFBInviteView.h */,
				B27ED4912A1720CA00DB1772 /* WADemoFriendListTV.h */,
				B27ED4922A1720CA00DB1772 /* WADemoVKFriendList.h */,
				B27ED4932A1720CA00DB1772 /* WADemoInvite.h */,
				B27ED4942A1720CA00DB1772 /* WADemoGroups.m */,
			);
			path = Invite;
			sourceTree = "<group>";
		};
		B27ED4952A1720CA00DB1772 /* Share */ = {
			isa = PBXGroup;
			children = (
				B27ED4962A1720CA00DB1772 /* WADemoFBShareView.h */,
				B27ED4972A1720CA00DB1772 /* WADemoFBShareView.m */,
			);
			path = Share;
			sourceTree = "<group>";
		};
		B27ED4982A1720CA00DB1772 /* Login */ = {
			isa = PBXGroup;
			children = (
				B27ED4992A1720CA00DB1772 /* WADemoLoginUI.m */,
				B27ED49A2A1720CA00DB1772 /* WADemoLoginUI.h */,
			);
			path = Login;
			sourceTree = "<group>";
		};
		B27ED49C2A1720CA00DB1772 /* Ad */ = {
			isa = PBXGroup;
			children = (
				B27ED49D2A1720CA00DB1772 /* WADemoAdView.m */,
				B27ED49E2A1720CA00DB1772 /* WADemoAdView.h */,
			);
			path = Ad;
			sourceTree = "<group>";
		};
		B27ED49F2A1720CA00DB1772 /* Util */ = {
			isa = PBXGroup;
			children = (
				B27ED4A02A1720CA00DB1772 /* WADemoUtil.m */,
				B27ED4A12A1720CA00DB1772 /* WADemoUtil.h */,
			);
			path = Util;
			sourceTree = "<group>";
		};
		B27ED4A22A1720CA00DB1772 /* Base.lproj */ = {
			isa = PBXGroup;
			children = (
				B27ED4A32A1720CA00DB1772 /* LaunchScreen.storyboard */,
				B27ED4A52A1720CA00DB1772 /* Main.storyboard */,
			);
			path = Base.lproj;
			sourceTree = "<group>";
		};
		B27ED4A72A1720CA00DB1772 /* UICommon */ = {
			isa = PBXGroup;
			children = (
				B27ED4A82A1720CA00DB1772 /* WADemoMaskLayer.h */,
				B27ED4A92A1720CA00DB1772 /* WADemoAlertView.m */,
				B27ED4AA2A1720CA00DB1772 /* WADemoButtonSwitch.h */,
				B27ED4AB2A1720CA00DB1772 /* WADemoButtonMain.m */,
				B27ED4AC2A1720CA00DB1772 /* WADemoNaviView.h */,
				B27ED4AD2A1720CA00DB1772 /* WADemoListTableView.h */,
				B27ED4AE2A1720CA00DB1772 /* WADemoScrollView.h */,
				B27ED4AF2A1720CA00DB1772 /* WADemoAlertView.h */,
				B27ED4B02A1720CA00DB1772 /* WADemoMaskLayer.m */,
				B27ED4B12A1720CA00DB1772 /* WADemoButtonSwitch.m */,
				B27ED4B22A1720CA00DB1772 /* WADemoButtonMain.h */,
				B27ED4B32A1720CA00DB1772 /* WADemoListTableView.m */,
				B27ED4B42A1720CA00DB1772 /* WADemoScrollView.m */,
				B27ED4B52A1720CA00DB1772 /* WADemoNaviView.m */,
			);
			path = UICommon;
			sourceTree = "<group>";
		};
		B27ED4E92A172DC000DB1772 /* Frameworks */ = {
			isa = PBXGroup;
			children = (
				B279EC932DB9DDB200162B5F /* StoreKit.framework */,
				B23272D62D798FED00051526 /* PhotosUI.framework */,
				B243A46B2A287E6E00F404C1 /* SwiftUI.framework */,
				B27ED5002A1730AB00DB1772 /* Accelerate.framework */,
				B27ED4F82A172EA200DB1772 /* CoreFoundation.framework */,
				B27ED4F62A172E9600DB1772 /* libresolv.tbd */,
				B27ED4F42A172E8C00DB1772 /* libc++.tbd */,
				B27ED4F22A172E7300DB1772 /* AppTrackingTransparency.framework */,
				B27ED4F02A172E1200DB1772 /* libz.tbd */,
				B27ED4EE2A172E0A00DB1772 /* libsqlite3.tbd */,
				B27ED4EC2A172DD100DB1772 /* UIKit.framework */,
				B27ED4EA2A172DC000DB1772 /* Foundation.framework */,
			);
			name = Frameworks;
			sourceTree = "<group>";
		};
		B294C2132A68C59400B1CB1B /* clientidsetting */ = {
			isa = PBXGroup;
			children = (
				B294C2142A68C59400B1CB1B /* WADemoClientidSetting.m */,
				B294C2152A68C59400B1CB1B /* WADemoClientidSetting.h */,
			);
			path = clientidsetting;
			sourceTree = "<group>";
		};
		B296DD232C2418E000DF909D /* AdMob */ = {
			isa = PBXGroup;
			children = (
				B296DD242C2418F800DF909D /* WADemoAdMobView.h */,
				B296DD252C2418F800DF909D /* WADemoAdMobView.m */,
			);
			path = AdMob;
			sourceTree = "<group>";
		};
		B2ABFE002E2F867A00894F67 /* admob&webResources */ = {
			isa = PBXGroup;
			children = (
				B2ABFDFD2E2F867A00894F67 /* wa_sdk_impl_config_admob.xml */,
				B2ABFDFE2E2F867A00894F67 /* wa_sdk_impl_config_ghgl.xml */,
				B2ABFDFF2E2F867A00894F67 /* wa_sdk_impl_config_ghgp.xml */,
			);
			path = "admob&webResources";
			sourceTree = "<group>";
		};
		B2CD02D62F18F90E003E2B71 /* localizable */ = {
			isa = PBXGroup;
			children = (
				B2CD02CD2F18F90E003E2B71 /* base.plist */,
				B2CD02CE2F18F90E003E2B71 /* en.plist */,
				B2CD02CF2F18F90E003E2B71 /* es.plist */,
				B2CD02D02F18F90E003E2B71 /* id.plist */,
				B2CD02D12F18F90E003E2B71 /* pt.plist */,
				B2CD02D22F18F90E003E2B71 /* ru.plist */,
				B2CD02D32F18F90E003E2B71 /* th.plist */,
				B2CD02D42F18F90E003E2B71 /* zh-Hans.plist */,
				B2CD02D52F18F90E003E2B71 /* zh-Hant.plist */,
			);
			path = localizable;
			sourceTree = "<group>";
		};
		B2CD02E32F18F90E003E2B71 /* wingsdkResources_4.9.2 */ = {
			isa = PBXGroup;
			children = (
				B2CD02D62F18F90E003E2B71 /* localizable */,
				B2CD02D72F18F90E003E2B71 /* AIHelpSupportSDK.bundle */,
				B2CD02D82F18F90E003E2B71 /* FacebookSDKStrings.bundle */,
				B2CD02D92F18F90E003E2B71 /* wa_sdk.plist */,
				B2CD02DA2F18F90E003E2B71 /* wa_sdk_impl_config_aihelp.xml */,
				B2CD02DB2F18F90E003E2B71 /* wa_sdk_impl_config_apple.xml */,
				B2CD02DC2F18F90E003E2B71 /* wa_sdk_impl_config_appsflyer.xml */,
				B2CD02DD2F18F90E003E2B71 /* wa_sdk_impl_config_facebook.xml */,
				B2CD02DE2F18F90E003E2B71 /* wa_sdk_impl_config_firebase.xml */,
				B2CD02DF2F18F90E003E2B71 /* wa_sdk_impl_config_push.xml */,
				B2CD02E02F18F90E003E2B71 /* wa_sdk_impl_config_winga.xml */,
				B2CD02E12F18F90E003E2B71 /* wa_sdk_track_config.plist */,
				B2CD02E22F18F90E003E2B71 /* WASDK-Resource.bundle */,
			);
			path = wingsdkResources_4.9.2;
			sourceTree = "<group>";
		};
/* End PBXGroup section */

/* Begin PBXNativeTarget section */
		B27ED3332A17196E00DB1772 /* WADemo */ = {
			isa = PBXNativeTarget;
			buildConfigurationList = B27ED34D2A17196F00DB1772 /* Build configuration list for PBXNativeTarget "WADemo" */;
			buildPhases = (
				B27ED3302A17196E00DB1772 /* Sources */,
				B27ED3312A17196E00DB1772 /* Frameworks */,
				B27ED3322A17196E00DB1772 /* Resources */,
			);
			buildRules = (
			);
			dependencies = (
			);
			name = WADemo;
			productName = WADemo;
			productReference = B27ED3342A17196E00DB1772 /* WADemo.app */;
			productType = "com.apple.product-type.application";
		};
/* End PBXNativeTarget section */

/* Begin PBXProject section */
		B27ED32C2A17196E00DB1772 /* Project object */ = {
			isa = PBXProject;
			attributes = {
				BuildIndependentTargetsInParallel = 1;
				LastUpgradeCheck = 1420;
				TargetAttributes = {
					B27ED3332A17196E00DB1772 = {
						CreatedOnToolsVersion = 14.2;
						LastSwiftMigration = 1420;
					};
				};
			};
			buildConfigurationList = B27ED32F2A17196E00DB1772 /* Build configuration list for PBXProject "WADemo" */;
			compatibilityVersion = "Xcode 13.0";
			developmentRegion = en;
			hasScannedForEncodings = 0;
			knownRegions = (
				en,
				Base,
			);
			mainGroup = B27ED32B2A17196E00DB1772;
			packageReferences = (
				B298D7C02F14D5C000D5DA86 /* XCRemoteSwiftPackageReference "WAGhgpImpl_spm" */,
				B298D7C32F14D5CF00D5DA86 /* XCRemoteSwiftPackageReference "WAGhglImpl_spm" */,
				B298D7C62F14D5D900D5DA86 /* XCRemoteSwiftPackageReference "WAAdmobImpl_spm" */,
				B24201062F29B5F8000F46CE /* XCRemoteSwiftPackageReference "wingsdkios_spm" */,
			);
			productRefGroup = B27ED3352A17196E00DB1772 /* Products */;
			projectDirPath = "";
			projectRoot = "";
			targets = (
				B27ED3332A17196E00DB1772 /* WADemo */,
			);
		};
/* End PBXProject section */

/* Begin PBXResourcesBuildPhase section */
		B27ED3322A17196E00DB1772 /* Resources */ = {
			isa = PBXResourcesBuildPhase;
			buildActionMask = 2147483647;
			files = (
				B2ABFE012E2F867A00894F67 /* wa_sdk_impl_config_ghgp.xml in Resources */,
				B2ABFE022E2F867A00894F67 /* wa_sdk_impl_config_ghgl.xml in Resources */,
				B2ABFE032E2F867A00894F67 /* wa_sdk_impl_config_admob.xml in Resources */,
				B2CD02E42F18F90E003E2B71 /* wa_sdk_impl_config_facebook.xml in Resources */,
				B2CD02E52F18F90E003E2B71 /* wa_sdk_impl_config_apple.xml in Resources */,
				B2CD02E62F18F90E003E2B71 /* id.plist in Resources */,
				B2CD02E72F18F90E003E2B71 /* pt.plist in Resources */,
				B2CD02E82F18F90E003E2B71 /* wa_sdk_impl_config_firebase.xml in Resources */,
				B2CD02E92F18F90E003E2B71 /* zh-Hans.plist in Resources */,
				B2CD02EA2F18F90E003E2B71 /* wa_sdk_impl_config_aihelp.xml in Resources */,
				B2CD02EB2F18F90E003E2B71 /* wa_sdk_impl_config_winga.xml in Resources */,
				B2CD02EC2F18F90E003E2B71 /* FacebookSDKStrings.bundle in Resources */,
				B2CD02ED2F18F90E003E2B71 /* wa_sdk_impl_config_appsflyer.xml in Resources */,
				B2CD02EE2F18F90E003E2B71 /* wa_sdk_impl_config_push.xml in Resources */,
				B2CD02EF2F18F90E003E2B71 /* base.plist in Resources */,
				B2CD02F02F18F90E003E2B71 /* wa_sdk.plist in Resources */,
				B2CD02F12F18F90E003E2B71 /* en.plist in Resources */,
				B2CD02F22F18F90E003E2B71 /* wa_sdk_track_config.plist in Resources */,
				B2CD02F32F18F90E003E2B71 /* zh-Hant.plist in Resources */,
				B2CD02F42F18F90E003E2B71 /* th.plist in Resources */,
				B2CD02F52F18F90E003E2B71 /* ru.plist in Resources */,
				B2CD02F62F18F90E003E2B71 /* es.plist in Resources */,
				B2CD02F72F18F90E003E2B71 /* WASDK-Resource.bundle in Resources */,
				B2CD02F82F18F90E003E2B71 /* AIHelpSupportSDK.bundle in Resources */,
				B27ED4E12A1720CA00DB1772 /* Main.storyboard in Resources */,
				B27ED4BE2A1720CA00DB1772 /* Assets.xcassets in Resources */,
				B27ED4E02A1720CA00DB1772 /* LaunchScreen.storyboard in Resources */,
				B27ED4B62A1720CA00DB1772 /* GoogleService-Info.plist in Resources */,
				B27ED4CA2A1720CA00DB1772 /* Gift.zip in Resources */,
				B27ED3472A17196F00DB1772 /* LaunchScreen.storyboard in Resources */,
				B27ED3442A17196F00DB1772 /* Assets.xcassets in Resources */,
				B27ED3422A17196E00DB1772 /* Main.storyboard in Resources */,
			);
			runOnlyForDeploymentPostprocessing = 0;
		};
/* End PBXResourcesBuildPhase section */

/* Begin PBXSourcesBuildPhase section */
		B27ED3302A17196E00DB1772 /* Sources */ = {
			isa = PBXSourcesBuildPhase;
			buildActionMask = 2147483647;
			files = (
				B27ED4D32A1720CA00DB1772 /* WADemoGiftBoxTV.m in Sources */,
				B27ED4DD2A1720CA00DB1772 /* WADemoMainUI.m in Sources */,
				B27ED4BB2A1720CA00DB1772 /* WADemoPostEventViewBtn.m in Sources */,
				B296DD222C2417A500DF909D /* SplashViewController.m in Sources */,
				B27ED4D02A1720CA00DB1772 /* WADemoFriendInGameTV.m in Sources */,
				B27ED4C02A1720CA00DB1772 /* WADemoAccountSwitch.m in Sources */,
				B27ED4CC2A1720CA00DB1772 /* WADemoFriendListForSendingAsking.m in Sources */,
				B27ED4E32A1720CA00DB1772 /* WADemoButtonMain.m in Sources */,
				B27ED4D92A1720CA00DB1772 /* WADemoVKInviteView.m in Sources */,
				B27ED4DC2A1720CA00DB1772 /* WADemoLoginUI.m in Sources */,
				B27ED4C22A1720CA00DB1772 /* WADemoBindingAccountList.m in Sources */,
				B27ED4CD2A1720CA00DB1772 /* WADemoGiftListView.m in Sources */,
				B27ED33F2A17196E00DB1772 /* ViewController.m in Sources */,
				B27ED4E62A1720CA00DB1772 /* WADemoListTableView.m in Sources */,
				B27ED4D12A1720CA00DB1772 /* WADemoFBGiftView.m in Sources */,
				B27ED4C72A1720CA00DB1772 /* WADemoIapView.m in Sources */,
				B27ED4E52A1720CA00DB1772 /* WADemoButtonSwitch.m in Sources */,
				B27ED4D82A1720CA00DB1772 /* WADemoGroupCell.m in Sources */,
				B27ED4C92A1720CA00DB1772 /* WADemoGiftView.m in Sources */,
				B27ED4C12A1720CA00DB1772 /* WADemoAccountManagement.m in Sources */,
				B27ED4BC2A1720CA00DB1772 /* WADemoPostEventView.m in Sources */,
				B294C2162A68C59400B1CB1B /* WADemoClientidSetting.m in Sources */,
				B27ED4C52A1720CA00DB1772 /* WADemoPayView.m in Sources */,
				B27ED4DA2A1720CA00DB1772 /* WADemoGroups.m in Sources */,
				B27ED3392A17196E00DB1772 /* AppDelegate.m in Sources */,
				B27ED4BD2A1720CA00DB1772 /* WADemoAppTrackingView.m in Sources */,
				B27ED4E72A1720CA00DB1772 /* WADemoScrollView.m in Sources */,
				B27ED4D62A1720CA00DB1772 /* WADemoVKFriendList.m in Sources */,
				B241F6CA2A402BBD00B6D95A /* SceneDelegate.m in Sources */,
				B26B633A2A6A1A29007C46DB /* File.swift in Sources */,
				B27ED4DF2A1720CA00DB1772 /* WADemoUtil.m in Sources */,
				B27ED34A2A17196F00DB1772 /* main.m in Sources */,
				B27ED4C62A1720CA00DB1772 /* WADemoProductList.m in Sources */,
				B27ED4BF2A1720CA00DB1772 /* WADemoUserCenterViewController.m in Sources */,
				B27ED4D52A1720CA00DB1772 /* WADemoFriendListTV.m in Sources */,
				B27ED4D22A1720CA00DB1772 /* WADemoGiftRequestView.m in Sources */,
				B296DD262C2418F800DF909D /* WADemoAdMobView.m in Sources */,
				B27ED4B92A1720CA00DB1772 /* WADemoEventTableView.m in Sources */,
				B27ED4D72A1720CA00DB1772 /* WADemoInvite.m in Sources */,
				B27ED4DE2A1720CA00DB1772 /* WADemoAdView.m in Sources */,
				B27ED4B82A1720CA00DB1772 /* WADemoPostEventTextView.m in Sources */,
				B27ED4E82A1720CA00DB1772 /* WADemoNaviView.m in Sources */,
				B27ED4C42A1720CA00DB1772 /* WADemoCscViewController.m in Sources */,
				B27ED4BA2A1720CA00DB1772 /* WADemoEventParam.m in Sources */,
				B27ED4B72A1720CA00DB1772 /* WADemoEventData.m in Sources */,
				B27ED4C82A1720CA00DB1772 /* WADemoHotUpdateView.m in Sources */,
				B27ED4CB2A1720CA00DB1772 /* WADemoGiftListTVC.m in Sources */,
				B27ED4CF2A1720CA00DB1772 /* WADemoVKGiftView.m in Sources */,
				B27ED4CE2A1720CA00DB1772 /* WADemoGiftList.m in Sources */,
				B27ED4E22A1720CA00DB1772 /* WADemoAlertView.m in Sources */,
				B27ED4E42A1720CA00DB1772 /* WADemoMaskLayer.m in Sources */,
				B27ED4D42A1720CA00DB1772 /* WADemoFBInviteView.m in Sources */,
				B27ED4DB2A1720CA00DB1772 /* WADemoFBShareView.m in Sources */,
			);
			runOnlyForDeploymentPostprocessing = 0;
		};
/* End PBXSourcesBuildPhase section */

/* Begin PBXVariantGroup section */
		B27ED3402A17196E00DB1772 /* Main.storyboard */ = {
			isa = PBXVariantGroup;
			children = (
				B27ED3412A17196E00DB1772 /* Base */,
			);
			name = Main.storyboard;
			sourceTree = "<group>";
		};
		B27ED3452A17196F00DB1772 /* LaunchScreen.storyboard */ = {
			isa = PBXVariantGroup;
			children = (
				B27ED3462A17196F00DB1772 /* Base */,
			);
			name = LaunchScreen.storyboard;
			sourceTree = "<group>";
		};
		B27ED4A32A1720CA00DB1772 /* LaunchScreen.storyboard */ = {
			isa = PBXVariantGroup;
			children = (
				B27ED4A42A1720CA00DB1772 /* Base */,
			);
			name = LaunchScreen.storyboard;
			sourceTree = "<group>";
		};
		B27ED4A52A1720CA00DB1772 /* Main.storyboard */ = {
			isa = PBXVariantGroup;
			children = (
				B27ED4A62A1720CA00DB1772 /* Base */,
			);
			name = Main.storyboard;
			sourceTree = "<group>";
		};
/* End PBXVariantGroup section */

/* Begin XCBuildConfiguration section */
		B27ED34B2A17196F00DB1772 /* Debug */ = {
			isa = XCBuildConfiguration;
			buildSettings = {
				ALWAYS_SEARCH_USER_PATHS = NO;
				CLANG_ANALYZER_NONNULL = YES;
				CLANG_ANALYZER_NUMBER_OBJECT_CONVERSION = YES_AGGRESSIVE;
				CLANG_CXX_LANGUAGE_STANDARD = "gnu++20";
				CLANG_ENABLE_MODULES = YES;
				CLANG_ENABLE_OBJC_ARC = YES;
				CLANG_ENABLE_OBJC_WEAK = YES;
				CLANG_WARN_BLOCK_CAPTURE_AUTORELEASING = YES;
				CLANG_WARN_BOOL_CONVERSION = YES;
				CLANG_WARN_COMMA = YES;
				CLANG_WARN_CONSTANT_CONVERSION = YES;
				CLANG_WARN_DEPRECATED_OBJC_IMPLEMENTATIONS = YES;
				CLANG_WARN_DIRECT_OBJC_ISA_USAGE = YES_ERROR;
				CLANG_WARN_DOCUMENTATION_COMMENTS = YES;
				CLANG_WARN_EMPTY_BODY = YES;
				CLANG_WARN_ENUM_CONVERSION = YES;
				CLANG_WARN_INFINITE_RECURSION = YES;
				CLANG_WARN_INT_CONVERSION = YES;
				CLANG_WARN_NON_LITERAL_NULL_CONVERSION = YES;
				CLANG_WARN_OBJC_IMPLICIT_RETAIN_SELF = YES;
				CLANG_WARN_OBJC_LITERAL_CONVERSION = YES;
				CLANG_WARN_OBJC_ROOT_CLASS = YES_ERROR;
				CLANG_WARN_QUOTED_INCLUDE_IN_FRAMEWORK_HEADER = YES;
				CLANG_WARN_RANGE_LOOP_ANALYSIS = YES;
				CLANG_WARN_STRICT_PROTOTYPES = YES;
				CLANG_WARN_SUSPICIOUS_MOVE = YES;
				CLANG_WARN_UNGUARDED_AVAILABILITY = YES_AGGRESSIVE;
				CLANG_WARN_UNREACHABLE_CODE = YES;
				CLANG_WARN__DUPLICATE_METHOD_MATCH = YES;
				COPY_PHASE_STRIP = NO;
				DEBUG_INFORMATION_FORMAT = dwarf;
				ENABLE_STRICT_OBJC_MSGSEND = YES;
				ENABLE_TESTABILITY = YES;
				GCC_C_LANGUAGE_STANDARD = gnu11;
				GCC_DYNAMIC_NO_PIC = NO;
				GCC_NO_COMMON_BLOCKS = YES;
				GCC_OPTIMIZATION_LEVEL = 0;
				GCC_PREPROCESSOR_DEFINITIONS = (
					"DEBUG=1",
					"$(inherited)",
				);
				GCC_WARN_64_TO_32_BIT_CONVERSION = YES;
				GCC_WARN_ABOUT_RETURN_TYPE = YES_ERROR;
				GCC_WARN_UNDECLARED_SELECTOR = YES;
				GCC_WARN_UNINITIALIZED_AUTOS = YES_AGGRESSIVE;
				GCC_WARN_UNUSED_FUNCTION = YES;
				GCC_WARN_UNUSED_VARIABLE = YES;
				IPHONEOS_DEPLOYMENT_TARGET = 16.2;
				MTL_ENABLE_DEBUG_INFO = INCLUDE_SOURCE;
				MTL_FAST_MATH = YES;
				ONLY_ACTIVE_ARCH = YES;
				SDKROOT = iphoneos;
			};
			name = Debug;
		};
		B27ED34C2A17196F00DB1772 /* Release */ = {
			isa = XCBuildConfiguration;
			buildSettings = {
				ALWAYS_SEARCH_USER_PATHS = NO;
				CLANG_ANALYZER_NONNULL = YES;
				CLANG_ANALYZER_NUMBER_OBJECT_CONVERSION = YES_AGGRESSIVE;
				CLANG_CXX_LANGUAGE_STANDARD = "gnu++20";
				CLANG_ENABLE_MODULES = YES;
				CLANG_ENABLE_OBJC_ARC = YES;
				CLANG_ENABLE_OBJC_WEAK = YES;
				CLANG_WARN_BLOCK_CAPTURE_AUTORELEASING = YES;
				CLANG_WARN_BOOL_CONVERSION = YES;
				CLANG_WARN_COMMA = YES;
				CLANG_WARN_CONSTANT_CONVERSION = YES;
				CLANG_WARN_DEPRECATED_OBJC_IMPLEMENTATIONS = YES;
				CLANG_WARN_DIRECT_OBJC_ISA_USAGE = YES_ERROR;
				CLANG_WARN_DOCUMENTATION_COMMENTS = YES;
				CLANG_WARN_EMPTY_BODY = YES;
				CLANG_WARN_ENUM_CONVERSION = YES;
				CLANG_WARN_INFINITE_RECURSION = YES;
				CLANG_WARN_INT_CONVERSION = YES;
				CLANG_WARN_NON_LITERAL_NULL_CONVERSION = YES;
				CLANG_WARN_OBJC_IMPLICIT_RETAIN_SELF = YES;
				CLANG_WARN_OBJC_LITERAL_CONVERSION = YES;
				CLANG_WARN_OBJC_ROOT_CLASS = YES_ERROR;
				CLANG_WARN_QUOTED_INCLUDE_IN_FRAMEWORK_HEADER = YES;
				CLANG_WARN_RANGE_LOOP_ANALYSIS = YES;
				CLANG_WARN_STRICT_PROTOTYPES = YES;
				CLANG_WARN_SUSPICIOUS_MOVE = YES;
				CLANG_WARN_UNGUARDED_AVAILABILITY = YES_AGGRESSIVE;
				CLANG_WARN_UNREACHABLE_CODE = YES;
				CLANG_WARN__DUPLICATE_METHOD_MATCH = YES;
				COPY_PHASE_STRIP = NO;
				DEBUG_INFORMATION_FORMAT = "dwarf-with-dsym";
				ENABLE_NS_ASSERTIONS = NO;
				ENABLE_STRICT_OBJC_MSGSEND = YES;
				GCC_C_LANGUAGE_STANDARD = gnu11;
				GCC_NO_COMMON_BLOCKS = YES;
				GCC_WARN_64_TO_32_BIT_CONVERSION = YES;
				GCC_WARN_ABOUT_RETURN_TYPE = YES_ERROR;
				GCC_WARN_UNDECLARED_SELECTOR = YES;
				GCC_WARN_UNINITIALIZED_AUTOS = YES_AGGRESSIVE;
				GCC_WARN_UNUSED_FUNCTION = YES;
				GCC_WARN_UNUSED_VARIABLE = YES;
				IPHONEOS_DEPLOYMENT_TARGET = 16.2;
				MTL_ENABLE_DEBUG_INFO = NO;
				MTL_FAST_MATH = YES;
				SDKROOT = iphoneos;
				VALIDATE_PRODUCT = YES;
			};
			name = Release;
		};
		B27ED34E2A17196F00DB1772 /* Debug */ = {
			isa = XCBuildConfiguration;
			buildSettings = {
				ASSETCATALOG_COMPILER_APPICON_NAME = AppIcon;
				ASSETCATALOG_COMPILER_GLOBAL_ACCENT_COLOR_NAME = AccentColor;
				CLANG_ENABLE_MODULES = YES;
				CODE_SIGN_ENTITLEMENTS = WADemo/WADemo.entitlements;
				CODE_SIGN_IDENTITY = "Apple Development";
				CODE_SIGN_STYLE = Automatic;
				CURRENT_PROJECT_VERSION = 1;
				DEVELOPMENT_TEAM = Y8Z2D47ET4;
				EXCLUDED_ARCHS = "";
				FRAMEWORK_SEARCH_PATHS = (
					"$(inherited)",
					"$(PROJECT_DIR)/wasdk/fb/frameworks",
					"$(PROJECT_DIR)/wasdk/wa/frameworks",
					"$(PROJECT_DIR)/wasdk/twitter/frameworks",
					"$(PROJECT_DIR)/wasdk/webpay/frameworks",
					"$(PROJECT_DIR)/wasdk/ad/frameworks",
					"$(PROJECT_DIR)/wasdk/apw/frameworks",
					"$(PROJECT_DIR)/wasdk/ap/frameworks",
					"$(PROJECT_DIR)/wasdk/aihelp",
					"$(PROJECT_DIR)/wasdk/aihelp/frameworks",
					"$(PROJECT_DIR)/wasdk/vk/frameworks",
					"$(PROJECT_DIR)/wasdk/push/frameworks",
					"$(PROJECT_DIR)/wasdk/firebase",
					"$(PROJECT_DIR)/wasdk",
					"$(PROJECT_DIR)/wasdk/af/frameworks",
					"$(PROJECT_DIR)/wasdk/cb/frameworks",
					"$(PROJECT_DIR)/wasdk/instagram/frameworks",
					"$(PROJECT_DIR)/wasdk/hup/frameworks",
					"$(PROJECT_DIR)/wasdk/weblogin",
					"$(PROJECT_DIR)/wasdk/weblogin/frameworks",
				);
				GENERATE_INFOPLIST_FILE = YES;
				INFOPLIST_FILE = WADemo/Info.plist;
				INFOPLIST_KEY_CFBundleDisplayName = wingsdk_spm4.9.2;
				INFOPLIST_KEY_NSPhotoLibraryUsageDescription = "Would Like to Access Your Photos";
				INFOPLIST_KEY_NSUserTrackingUsageDescription = "Your info will be used for personalized ads.";
				INFOPLIST_KEY_UIApplicationSupportsIndirectInputEvents = YES;
				INFOPLIST_KEY_UILaunchStoryboardName = LaunchScreen;
				INFOPLIST_KEY_UIMainStoryboardFile = Main;
				INFOPLIST_KEY_UISupportedInterfaceOrientations = "UIInterfaceOrientationLandscapeLeft UIInterfaceOrientationLandscapeRight";
				IPHONEOS_DEPLOYMENT_TARGET = 15.0;
				LD_RUNPATH_SEARCH_PATHS = (
					"$(inherited)",
					"@executable_path/Frameworks",
				);
				MARKETING_VERSION = 4.9.2;
				OTHER_LDFLAGS = (
					"$(inherited)",
					"-ObjC",
					"-l\"sqlite3\"",
					"-l\"z\"",
					"-framework",
					"\"AFNetworking\"",
					"-framework",
					"\"AIHelpSupportSDK\"",
					"-framework",
					"\"AdSupport\"",
					"-framework",
					"\"AppsFlyerLib\"",
					"-framework",
					"\"FBAEMKit\"",
					"-framework",
					"\"FBLPromises\"",
					"-framework",
					"\"FBSDKCoreKit\"",
					"-framework",
					"\"FBSDKCoreKit_Basics\"",
					"-framework",
					"\"FBSDKGamingServicesKit\"",
					"-framework",
					"\"FBSDKLoginKit\"",
					"-framework",
					"\"FBSDKShareKit\"",
					"-framework",
					"\"FMDB\"",
					"-framework",
					"\"FirebaseAnalytics\"",
					"-framework",
					"\"FirebaseCore\"",
					"-framework",
					"\"FirebaseCoreInternal\"",
					"-framework",
					"\"FirebaseInstallations\"",
					"-framework",
					"\"GoogleAppMeasurement\"",
					"-framework",
					"\"GoogleAppMeasurement\"",
					"-framework",
					"\"GoogleUtilities\"",
					"-framework",
					"\"SafariServices\"",
					"-framework",
					"\"Toast\"",
					"-framework",
					"\"WAAIhelpImpl\"",
					"-framework",
					"\"WAAfImpl\"",
					"-framework",
					"\"WAApImpl\"",
					"-framework",
					"\"WACommon\"",
					"-framework",
					"\"WAFbImpl\"",
					"-framework",
					"\"WAFirebaseImpl\"",
					"-framework",
					"\"WAPushImpl\"",
					"-framework",
					"\"WASdkImpl\"",
					"-framework",
					"\"WASdkIntf\"",
					"-framework",
					"\"WebKit\"",
					"-framework",
					"\"Webkit\"",
					"-framework",
					"\"iAd\"",
					"-framework",
					"\"nanopb\"",
				);
				PRODUCT_BUNDLE_IDENTIFIER = com.wing.sdkfo;
				PRODUCT_NAME = "$(TARGET_NAME)";
				PROVISIONING_PROFILE_SPECIFIER = "";
				SWIFT_EMIT_LOC_STRINGS = YES;
				SWIFT_OBJC_BRIDGING_HEADER = "WADemo-Bridging-Header.h";
				SWIFT_OPTIMIZATION_LEVEL = "-Onone";
				SWIFT_VERSION = 5.0;
				TARGETED_DEVICE_FAMILY = "1,2";
			};
			name = Debug;
		};
		B27ED34F2A17196F00DB1772 /* Release */ = {
			isa = XCBuildConfiguration;
			buildSettings = {
				ASSETCATALOG_COMPILER_APPICON_NAME = AppIcon;
				ASSETCATALOG_COMPILER_GLOBAL_ACCENT_COLOR_NAME = AccentColor;
				CLANG_ENABLE_MODULES = YES;
				CODE_SIGN_ENTITLEMENTS = WADemo/WADemoRelease.entitlements;
				CODE_SIGN_IDENTITY = "Apple Development";
				CODE_SIGN_STYLE = Automatic;
				CURRENT_PROJECT_VERSION = 1;
				DEVELOPMENT_TEAM = Y8Z2D47ET4;
				EXCLUDED_ARCHS = "";
				FRAMEWORK_SEARCH_PATHS = (
					"$(inherited)",
					"$(PROJECT_DIR)/wasdk/fb/frameworks",
					"$(PROJECT_DIR)/wasdk/wa/frameworks",
					"$(PROJECT_DIR)/wasdk/twitter/frameworks",
					"$(PROJECT_DIR)/wasdk/webpay/frameworks",
					"$(PROJECT_DIR)/wasdk/ad/frameworks",
					"$(PROJECT_DIR)/wasdk/apw/frameworks",
					"$(PROJECT_DIR)/wasdk/ap/frameworks",
					"$(PROJECT_DIR)/wasdk/aihelp",
					"$(PROJECT_DIR)/wasdk/aihelp/frameworks",
					"$(PROJECT_DIR)/wasdk/vk/frameworks",
					"$(PROJECT_DIR)/wasdk/push/frameworks",
					"$(PROJECT_DIR)/wasdk/firebase",
					"$(PROJECT_DIR)/wasdk",
					"$(PROJECT_DIR)/wasdk/af/frameworks",
					"$(PROJECT_DIR)/wasdk/cb/frameworks",
					"$(PROJECT_DIR)/wasdk/instagram/frameworks",
					"$(PROJECT_DIR)/wasdk/hup/frameworks",
					"$(PROJECT_DIR)/wasdk/weblogin",
					"$(PROJECT_DIR)/wasdk/weblogin/frameworks",
				);
				GENERATE_INFOPLIST_FILE = YES;
				INFOPLIST_FILE = WADemo/Info.plist;
				INFOPLIST_KEY_CFBundleDisplayName = wingsdk_spm4.9.2;
				INFOPLIST_KEY_NSPhotoLibraryUsageDescription = "Would Like to Access Your Photos";
				INFOPLIST_KEY_NSUserTrackingUsageDescription = "Your info will be used for personalized ads.";
				INFOPLIST_KEY_UIApplicationSupportsIndirectInputEvents = YES;
				INFOPLIST_KEY_UILaunchStoryboardName = LaunchScreen;
				INFOPLIST_KEY_UIMainStoryboardFile = Main;
				INFOPLIST_KEY_UISupportedInterfaceOrientations = "UIInterfaceOrientationLandscapeLeft UIInterfaceOrientationLandscapeRight";
				IPHONEOS_DEPLOYMENT_TARGET = 15.0;
				LD_RUNPATH_SEARCH_PATHS = (
					"$(inherited)",
					"@executable_path/Frameworks",
				);
				MARKETING_VERSION = 4.9.2;
				OTHER_LDFLAGS = (
					"$(inherited)",
					"-ObjC",
					"-l\"sqlite3\"",
					"-l\"z\"",
					"-framework",
					"\"AFNetworking\"",
					"-framework",
					"\"AIHelpSupportSDK\"",
					"-framework",
					"\"AdSupport\"",
					"-framework",
					"\"AppsFlyerLib\"",
					"-framework",
					"\"FBAEMKit\"",
					"-framework",
					"\"FBLPromises\"",
					"-framework",
					"\"FBSDKCoreKit\"",
					"-framework",
					"\"FBSDKCoreKit_Basics\"",
					"-framework",
					"\"FBSDKGamingServicesKit\"",
					"-framework",
					"\"FBSDKLoginKit\"",
					"-framework",
					"\"FBSDKShareKit\"",
					"-framework",
					"\"FMDB\"",
					"-framework",
					"\"FirebaseAnalytics\"",
					"-framework",
					"\"FirebaseCore\"",
					"-framework",
					"\"FirebaseCoreInternal\"",
					"-framework",
					"\"FirebaseInstallations\"",
					"-framework",
					"\"GoogleAppMeasurement\"",
					"-framework",
					"\"GoogleAppMeasurement\"",
					"-framework",
					"\"GoogleUtilities\"",
					"-framework",
					"\"SafariServices\"",
					"-framework",
					"\"Toast\"",
					"-framework",
					"\"WAAIhelpImpl\"",
					"-framework",
					"\"WAAfImpl\"",
					"-framework",
					"\"WAApImpl\"",
					"-framework",
					"\"WACommon\"",
					"-framework",
					"\"WAFbImpl\"",
					"-framework",
					"\"WAFirebaseImpl\"",
					"-framework",
					"\"WAPushImpl\"",
					"-framework",
					"\"WASdkImpl\"",
					"-framework",
					"\"WASdkIntf\"",
					"-framework",
					"\"WebKit\"",
					"-framework",
					"\"Webkit\"",
					"-framework",
					"\"iAd\"",
					"-framework",
					"\"nanopb\"",
				);
				PRODUCT_BUNDLE_IDENTIFIER = com.wing.sdkfo;
				PRODUCT_NAME = "$(TARGET_NAME)";
				PROVISIONING_PROFILE_SPECIFIER = "";
				SWIFT_EMIT_LOC_STRINGS = YES;
				SWIFT_OBJC_BRIDGING_HEADER = "WADemo-Bridging-Header.h";
				SWIFT_VERSION = 5.0;
				TARGETED_DEVICE_FAMILY = "1,2";
			};
			name = Release;
		};
/* End XCBuildConfiguration section */

/* Begin XCConfigurationList section */
		B27ED32F2A17196E00DB1772 /* Build configuration list for PBXProject "WADemo" */ = {
			isa = XCConfigurationList;
			buildConfigurations = (
				B27ED34B2A17196F00DB1772 /* Debug */,
				B27ED34C2A17196F00DB1772 /* Release */,
			);
			defaultConfigurationIsVisible = 0;
			defaultConfigurationName = Release;
		};
		B27ED34D2A17196F00DB1772 /* Build configuration list for PBXNativeTarget "WADemo" */ = {
			isa = XCConfigurationList;
			buildConfigurations = (
				B27ED34E2A17196F00DB1772 /* Debug */,
				B27ED34F2A17196F00DB1772 /* Release */,
			);
			defaultConfigurationIsVisible = 0;
			defaultConfigurationName = Release;
		};
/* End XCConfigurationList section */

/* Begin XCRemoteSwiftPackageReference section */
		B24200F52F29A959000F46CE /* XCRemoteSwiftPackageReference "wingsdkios_spm" */ = {
			isa = XCRemoteSwiftPackageReference;
			repositoryURL = "http://172.16.100.58:7070/r/wingsdkios_spm.git";
			requirement = {
				kind = upToNextMajorVersion;
				minimumVersion = 4.9.2;
			};
		};
		B24201062F29B5F8000F46CE /* XCRemoteSwiftPackageReference "wingsdkios_spm" */ = {
			isa = XCRemoteSwiftPackageReference;
			repositoryURL = "http://repo.wingsdk.cn:8082/r/wingsdkios_spm.git";
			requirement = {
				kind = upToNextMajorVersion;
				minimumVersion = 4.9.2;
			};
		};
		B298D7AF2F14D5AA00D5DA86 /* XCRemoteSwiftPackageReference "wingsdkios_spm" */ = {
			isa = XCRemoteSwiftPackageReference;
			repositoryURL = "http://repo.wingsdk.cn:8082/r/wingsdkios_spm.git";
			requirement = {
				kind = upToNextMajorVersion;
				minimumVersion = 4.9.0;
			};
		};
		B298D7C02F14D5C000D5DA86 /* XCRemoteSwiftPackageReference "WAGhgpImpl_spm" */ = {
			isa = XCRemoteSwiftPackageReference;
			repositoryURL = "http://repo.wingsdk.cn:8082/r/WAGhgpImpl_spm.git";
			requirement = {
				kind = upToNextMajorVersion;
				minimumVersion = 4.5.0;
			};
		};
		B298D7C32F14D5CF00D5DA86 /* XCRemoteSwiftPackageReference "WAGhglImpl_spm" */ = {
			isa = XCRemoteSwiftPackageReference;
			repositoryURL = "http://repo.wingsdk.cn:8082/r/WAGhglImpl_spm.git";
			requirement = {
				kind = upToNextMajorVersion;
				minimumVersion = 4.4.0;
			};
		};
		B298D7C62F14D5D900D5DA86 /* XCRemoteSwiftPackageReference "WAAdmobImpl_spm" */ = {
			isa = XCRemoteSwiftPackageReference;
			repositoryURL = "http://repo.wingsdk.cn:8082/r/WAAdmobImpl_spm.git";
			requirement = {
				kind = upToNextMajorVersion;
				minimumVersion = 4.7.0;
			};
		};
		B2AA6EA22F14AD6D005E201A /* XCRemoteSwiftPackageReference "WAGhgpImpl_spm" */ = {
			isa = XCRemoteSwiftPackageReference;
			repositoryURL = "http://repo.wingsdk.cn:8082/r/WAGhgpImpl_spm.git";
			requirement = {
				kind = upToNextMajorVersion;
				minimumVersion = 4.5.0;
			};
		};
/* End XCRemoteSwiftPackageReference section */

/* Begin XCSwiftPackageProductDependency section */
		B24200F62F29A959000F46CE /* WAAfImpl */ = {
			isa = XCSwiftPackageProductDependency;
			package = B24200F52F29A959000F46CE /* XCRemoteSwiftPackageReference "wingsdkios_spm" */;
			productName = WAAfImpl;
		};
		B24200F82F29A959000F46CE /* WAAiHelpImpl */ = {
			isa = XCSwiftPackageProductDependency;
			package = B24200F52F29A959000F46CE /* XCRemoteSwiftPackageReference "wingsdkios_spm" */;
			productName = WAAiHelpImpl;
		};
		B24200FA2F29A959000F46CE /* WAApImpl */ = {
			isa = XCSwiftPackageProductDependency;
			package = B24200F52F29A959000F46CE /* XCRemoteSwiftPackageReference "wingsdkios_spm" */;
			productName = WAApImpl;
		};
		B24200FC2F29A959000F46CE /* WAFbImpl */ = {
			isa = XCSwiftPackageProductDependency;
			package = B24200F52F29A959000F46CE /* XCRemoteSwiftPackageReference "wingsdkios_spm" */;
			productName = WAFbImpl;
		};
		B24200FE2F29A959000F46CE /* WAFirebaseImpl */ = {
			isa = XCSwiftPackageProductDependency;
			package = B24200F52F29A959000F46CE /* XCRemoteSwiftPackageReference "wingsdkios_spm" */;
			productName = WAFirebaseImpl;
		};
		B24201002F29A959000F46CE /* WAPushImpl */ = {
			isa = XCSwiftPackageProductDependency;
			package = B24200F52F29A959000F46CE /* XCRemoteSwiftPackageReference "wingsdkios_spm" */;
			productName = WAPushImpl;
		};
		B24201022F29A959000F46CE /* WASdkImpl */ = {
			isa = XCSwiftPackageProductDependency;
			package = B24200F52F29A959000F46CE /* XCRemoteSwiftPackageReference "wingsdkios_spm" */;
			productName = WASdkImpl;
		};
		B24201042F29A959000F46CE /* WASdkIntf */ = {
			isa = XCSwiftPackageProductDependency;
			package = B24200F52F29A959000F46CE /* XCRemoteSwiftPackageReference "wingsdkios_spm" */;
			productName = WASdkIntf;
		};
		B24201072F29B5F8000F46CE /* WAAfImpl */ = {
			isa = XCSwiftPackageProductDependency;
			package = B24201062F29B5F8000F46CE /* XCRemoteSwiftPackageReference "wingsdkios_spm" */;
			productName = WAAfImpl;
		};
		B24201092F29B5F8000F46CE /* WAAiHelpImpl */ = {
			isa = XCSwiftPackageProductDependency;
			package = B24201062F29B5F8000F46CE /* XCRemoteSwiftPackageReference "wingsdkios_spm" */;
			productName = WAAiHelpImpl;
		};
		B242010B2F29B5F8000F46CE /* WAApImpl */ = {
			isa = XCSwiftPackageProductDependency;
			package = B24201062F29B5F8000F46CE /* XCRemoteSwiftPackageReference "wingsdkios_spm" */;
			productName = WAApImpl;
		};
		B242010D2F29B5F8000F46CE /* WAFbImpl */ = {
			isa = XCSwiftPackageProductDependency;
			package = B24201062F29B5F8000F46CE /* XCRemoteSwiftPackageReference "wingsdkios_spm" */;
			productName = WAFbImpl;
		};
		B242010F2F29B5F8000F46CE /* WAFirebaseImpl */ = {
			isa = XCSwiftPackageProductDependency;
			package = B24201062F29B5F8000F46CE /* XCRemoteSwiftPackageReference "wingsdkios_spm" */;
			productName = WAFirebaseImpl;
		};
		B24201112F29B5F8000F46CE /* WAPushImpl */ = {
			isa = XCSwiftPackageProductDependency;
			package = B24201062F29B5F8000F46CE /* XCRemoteSwiftPackageReference "wingsdkios_spm" */;
			productName = WAPushImpl;
		};
		B24201132F29B5F8000F46CE /* WASdkImpl */ = {
			isa = XCSwiftPackageProductDependency;
			package = B24201062F29B5F8000F46CE /* XCRemoteSwiftPackageReference "wingsdkios_spm" */;
			productName = WASdkImpl;
		};
		B24201152F29B5F8000F46CE /* WASdkIntf */ = {
			isa = XCSwiftPackageProductDependency;
			package = B24201062F29B5F8000F46CE /* XCRemoteSwiftPackageReference "wingsdkios_spm" */;
			productName = WASdkIntf;
		};
		B298D7B02F14D5AA00D5DA86 /* WAAfImpl */ = {
			isa = XCSwiftPackageProductDependency;
			package = B298D7AF2F14D5AA00D5DA86 /* XCRemoteSwiftPackageReference "wingsdkios_spm" */;
			productName = WAAfImpl;
		};
		B298D7B22F14D5AA00D5DA86 /* WAAiHelpImpl */ = {
			isa = XCSwiftPackageProductDependency;
			package = B298D7AF2F14D5AA00D5DA86 /* XCRemoteSwiftPackageReference "wingsdkios_spm" */;
			productName = WAAiHelpImpl;
		};
		B298D7B42F14D5AA00D5DA86 /* WAApImpl */ = {
			isa = XCSwiftPackageProductDependency;
			package = B298D7AF2F14D5AA00D5DA86 /* XCRemoteSwiftPackageReference "wingsdkios_spm" */;
			productName = WAApImpl;
		};
		B298D7B62F14D5AA00D5DA86 /* WAFbImpl */ = {
			isa = XCSwiftPackageProductDependency;
			package = B298D7AF2F14D5AA00D5DA86 /* XCRemoteSwiftPackageReference "wingsdkios_spm" */;
			productName = WAFbImpl;
		};
		B298D7B82F14D5AA00D5DA86 /* WAFirebaseImpl */ = {
			isa = XCSwiftPackageProductDependency;
			package = B298D7AF2F14D5AA00D5DA86 /* XCRemoteSwiftPackageReference "wingsdkios_spm" */;
			productName = WAFirebaseImpl;
		};
		B298D7BA2F14D5AA00D5DA86 /* WAPushImpl */ = {
			isa = XCSwiftPackageProductDependency;
			package = B298D7AF2F14D5AA00D5DA86 /* XCRemoteSwiftPackageReference "wingsdkios_spm" */;
			productName = WAPushImpl;
		};
		B298D7BC2F14D5AA00D5DA86 /* WASdkImpl */ = {
			isa = XCSwiftPackageProductDependency;
			package = B298D7AF2F14D5AA00D5DA86 /* XCRemoteSwiftPackageReference "wingsdkios_spm" */;
			productName = WASdkImpl;
		};
		B298D7BE2F14D5AA00D5DA86 /* WASdkIntf */ = {
			isa = XCSwiftPackageProductDependency;
			package = B298D7AF2F14D5AA00D5DA86 /* XCRemoteSwiftPackageReference "wingsdkios_spm" */;
			productName = WASdkIntf;
		};
		B298D7C12F14D5C000D5DA86 /* WAGhgpImpl */ = {
			isa = XCSwiftPackageProductDependency;
			package = B298D7C02F14D5C000D5DA86 /* XCRemoteSwiftPackageReference "WAGhgpImpl_spm" */;
			productName = WAGhgpImpl;
		};
		B298D7C42F14D5CF00D5DA86 /* WAGhglImpl */ = {
			isa = XCSwiftPackageProductDependency;
			package = B298D7C32F14D5CF00D5DA86 /* XCRemoteSwiftPackageReference "WAGhglImpl_spm" */;
			productName = WAGhglImpl;
		};
		B298D7C72F14D5D900D5DA86 /* WAAdmobImpl */ = {
			isa = XCSwiftPackageProductDependency;
			package = B298D7C62F14D5D900D5DA86 /* XCRemoteSwiftPackageReference "WAAdmobImpl_spm" */;
			productName = WAAdmobImpl;
		};
		B2AA6EA32F14AD6D005E201A /* WAGhgpImpl */ = {
			isa = XCSwiftPackageProductDependency;
			package = B2AA6EA22F14AD6D005E201A /* XCRemoteSwiftPackageReference "WAGhgpImpl_spm" */;
			productName = WAGhgpImpl;
		};
/* End XCSwiftPackageProductDependency section */
	};
	rootObject = B27ED32C2A17196E00DB1772 /* Project object */;
}
